
Microsoft Visual Studio Solution File, Format Version 12.00
# Visual Studio Version 16
VisualStudioVersion = 16.0.29411.108
MinimumVisualStudioVersion = 10.0.40219.1
Project("{2150E333-8FDC-42A3-9474-1A3956D46DE8}") = "CMakePredefinedTargets", "CMakePredefinedTargets", "{9A1DFD83-2DBC-3AD8-A5DF-E0CAD186F91C}"
EndProject
Project("{2150E333-8FDC-42A3-9474-1A3956D46DE8}") = "GLFW3", "GLFW3", "{86BFDCDC-2CF0-323A-BFF7-DBD840C11106}"
EndProject
Project("{2150E333-8FDC-42A3-9474-1A3956D46DE8}") = "Examples", "Examples", "{576560C6-A0BB-3C41-AF91-C9780BC9BC30}"
EndProject
Project("{2150E333-8FDC-42A3-9474-1A3956D46DE8}") = "Tests", "Tests", "{09B0AEF1-6133-3882-9F7B-62E87D7FED86}"
EndProject
Project("{8BC9CEB8-8B4A-11D0-8D11-00A0C91BC942}") = "ALL_BUILD", "ALL_BUILD.vcxproj", "{984E55F1-F30F-30D5-A9F2-726091D55342}"
	ProjectSection(ProjectDependencies) = postProject
		{CE758AEC-C1DC-34D3-B876-4F4B7085E7CB} = {CE758AEC-C1DC-34D3-B876-4F4B7085E7CB}
		{7FDC5356-51FF-37D0-AABF-DEE3045C4CE2} = {7FDC5356-51FF-37D0-AABF-DEE3045C4CE2}
		{883FB75E-6512-3F24-B787-5D3A3E25FA81} = {883FB75E-6512-3F24-B787-5D3A3E25FA81}
		{C47F537B-E4CB-3BFD-8E32-E85BA274E872} = {C47F537B-E4CB-3BFD-8E32-E85BA274E872}
		{A50516FA-559A-34A7-9D60-54A17B80A8F9} = {A50516FA-559A-34A7-9D60-54A17B80A8F9}
		{39B972EF-BD80-3BD3-B41F-7E45692DF3DA} = {39B972EF-BD80-3BD3-B41F-7E45692DF3DA}
		{2475B8A0-17E9-34B7-8A0E-9566AB1DA60E} = {2475B8A0-17E9-34B7-8A0E-9566AB1DA60E}
		{B4223C30-BD6D-3406-B1AF-84557D10E648} = {B4223C30-BD6D-3406-B1AF-84557D10E648}
		{BBF7753D-32AF-37A0-9A8F-42214FF60CA8} = {BBF7753D-32AF-37A0-9A8F-42214FF60CA8}
		{2AA4EEB3-0280-3A68-A73D-12E25EFBAFB0} = {2AA4EEB3-0280-3A68-A73D-12E25EFBAFB0}
		{B299AB24-6CDD-3129-8664-AF5E82A60CED} = {B299AB24-6CDD-3129-8664-AF5E82A60CED}
		{25707FC7-D219-35E6-8BB2-F7ED3B394FAA} = {25707FC7-D219-35E6-8BB2-F7ED3B394FAA}
		{1FC9E14D-148C-3BD5-8274-D495AD921E9A} = {1FC9E14D-148C-3BD5-8274-D495AD921E9A}
		{0135E2D4-1F0D-3818-95CB-F0EF0D106296} = {0135E2D4-1F0D-3818-95CB-F0EF0D106296}
		{FE4FE283-E54C-3FF8-A3F9-51FD9C3A0111} = {FE4FE283-E54C-3FF8-A3F9-51FD9C3A0111}
		{5BCBC558-F9A6-3E1B-A3D2-70E3319E3615} = {5BCBC558-F9A6-3E1B-A3D2-70E3319E3615}
		{F31D0B60-93A1-3C47-A5B0-4A765E143D3C} = {F31D0B60-93A1-3C47-A5B0-4A765E143D3C}
		{EA24AAC7-BFDD-3ED8-AE5F-52EA84684B4C} = {EA24AAC7-BFDD-3ED8-AE5F-52EA84684B4C}
		{CAA8195A-1214-3DA5-AEC5-EE8112D860E2} = {CAA8195A-1214-3DA5-AEC5-EE8112D860E2}
		{4B3C849B-5FB5-3786-AF6F-86CC08D3E37A} = {4B3C849B-5FB5-3786-AF6F-86CC08D3E37A}
		{6941FCD3-F2B7-3FC2-B3AD-273ECAA9B0B2} = {6941FCD3-F2B7-3FC2-B3AD-273ECAA9B0B2}
		{F68D7F81-B744-37E1-A68B-32CA214AC989} = {F68D7F81-B744-37E1-A68B-32CA214AC989}
		{CA3FC764-A9E1-3634-AB46-46879D117B19} = {CA3FC764-A9E1-3634-AB46-46879D117B19}
		{6EF1D6EE-6508-3ACD-9873-867FB21B9B8B} = {6EF1D6EE-6508-3ACD-9873-867FB21B9B8B}
		{15812E64-8F4E-3437-8577-39F9D244FECB} = {15812E64-8F4E-3437-8577-39F9D244FECB}
		{3B8AE778-5ACB-3C9F-9CAE-ED4A1E41B24D} = {3B8AE778-5ACB-3C9F-9CAE-ED4A1E41B24D}
		{C042AE73-9A82-3237-9252-0D32E0CFB543} = {C042AE73-9A82-3237-9252-0D32E0CFB543}
		{DBBD1B7D-C812-3344-87D6-9F25072F21D6} = {DBBD1B7D-C812-3344-87D6-9F25072F21D6}
		{E1DAC617-CA80-3EB4-8E88-AA54C22FBA7E} = {E1DAC617-CA80-3EB4-8E88-AA54C22FBA7E}
		{D656CA2E-3DA0-365A-87CD-96C37D33AD4C} = {D656CA2E-3DA0-365A-87CD-96C37D33AD4C}
		{6B10D0B4-4875-31D8-8067-3985FA558ABB} = {6B10D0B4-4875-31D8-8067-3985FA558ABB}
		{4B1DE99D-5A0F-3EB9-BA0E-640B3D872A27} = {4B1DE99D-5A0F-3EB9-BA0E-640B3D872A27}
	EndProjectSection
EndProject
Project("{8BC9CEB8-8B4A-11D0-8D11-00A0C91BC942}") = "INSTALL", "INSTALL.vcxproj", "{087B5FA0-FD87-3CA5-B22F-95E581843703}"
	ProjectSection(ProjectDependencies) = postProject
		{984E55F1-F30F-30D5-A9F2-726091D55342} = {984E55F1-F30F-30D5-A9F2-726091D55342}
		{CE758AEC-C1DC-34D3-B876-4F4B7085E7CB} = {CE758AEC-C1DC-34D3-B876-4F4B7085E7CB}
	EndProjectSection
EndProject
Project("{8BC9CEB8-8B4A-11D0-8D11-00A0C91BC942}") = "ZERO_CHECK", "ZERO_CHECK.vcxproj", "{CE758AEC-C1DC-34D3-B876-4F4B7085E7CB}"
EndProject
Project("{8BC9CEB8-8B4A-11D0-8D11-00A0C91BC942}") = "boing", "examples\boing.vcxproj", "{7FDC5356-51FF-37D0-AABF-DEE3045C4CE2}"
	ProjectSection(ProjectDependencies) = postProject
		{CE758AEC-C1DC-34D3-B876-4F4B7085E7CB} = {CE758AEC-C1DC-34D3-B876-4F4B7085E7CB}
		{2AA4EEB3-0280-3A68-A73D-12E25EFBAFB0} = {2AA4EEB3-0280-3A68-A73D-12E25EFBAFB0}
	EndProjectSection
EndProject
Project("{8BC9CEB8-8B4A-11D0-8D11-00A0C91BC942}") = "clipboard", "tests\clipboard.vcxproj", "{883FB75E-6512-3F24-B787-5D3A3E25FA81}"
	ProjectSection(ProjectDependencies) = postProject
		{CE758AEC-C1DC-34D3-B876-4F4B7085E7CB} = {CE758AEC-C1DC-34D3-B876-4F4B7085E7CB}
		{2AA4EEB3-0280-3A68-A73D-12E25EFBAFB0} = {2AA4EEB3-0280-3A68-A73D-12E25EFBAFB0}
	EndProjectSection
EndProject
Project("{8BC9CEB8-8B4A-11D0-8D11-00A0C91BC942}") = "cursor", "tests\cursor.vcxproj", "{C47F537B-E4CB-3BFD-8E32-E85BA274E872}"
	ProjectSection(ProjectDependencies) = postProject
		{CE758AEC-C1DC-34D3-B876-4F4B7085E7CB} = {CE758AEC-C1DC-34D3-B876-4F4B7085E7CB}
		{2AA4EEB3-0280-3A68-A73D-12E25EFBAFB0} = {2AA4EEB3-0280-3A68-A73D-12E25EFBAFB0}
	EndProjectSection
EndProject
Project("{8BC9CEB8-8B4A-11D0-8D11-00A0C91BC942}") = "docs", "docs\docs.vcxproj", "{A50516FA-559A-34A7-9D60-54A17B80A8F9}"
	ProjectSection(ProjectDependencies) = postProject
		{CE758AEC-C1DC-34D3-B876-4F4B7085E7CB} = {CE758AEC-C1DC-34D3-B876-4F4B7085E7CB}
	EndProjectSection
EndProject
Project("{8BC9CEB8-8B4A-11D0-8D11-00A0C91BC942}") = "empty", "tests\empty.vcxproj", "{39B972EF-BD80-3BD3-B41F-7E45692DF3DA}"
	ProjectSection(ProjectDependencies) = postProject
		{CE758AEC-C1DC-34D3-B876-4F4B7085E7CB} = {CE758AEC-C1DC-34D3-B876-4F4B7085E7CB}
		{2AA4EEB3-0280-3A68-A73D-12E25EFBAFB0} = {2AA4EEB3-0280-3A68-A73D-12E25EFBAFB0}
	EndProjectSection
EndProject
Project("{8BC9CEB8-8B4A-11D0-8D11-00A0C91BC942}") = "events", "tests\events.vcxproj", "{2475B8A0-17E9-34B7-8A0E-9566AB1DA60E}"
	ProjectSection(ProjectDependencies) = postProject
		{CE758AEC-C1DC-34D3-B876-4F4B7085E7CB} = {CE758AEC-C1DC-34D3-B876-4F4B7085E7CB}
		{2AA4EEB3-0280-3A68-A73D-12E25EFBAFB0} = {2AA4EEB3-0280-3A68-A73D-12E25EFBAFB0}
	EndProjectSection
EndProject
Project("{8BC9CEB8-8B4A-11D0-8D11-00A0C91BC942}") = "gamma", "tests\gamma.vcxproj", "{B4223C30-BD6D-3406-B1AF-84557D10E648}"
	ProjectSection(ProjectDependencies) = postProject
		{CE758AEC-C1DC-34D3-B876-4F4B7085E7CB} = {CE758AEC-C1DC-34D3-B876-4F4B7085E7CB}
		{2AA4EEB3-0280-3A68-A73D-12E25EFBAFB0} = {2AA4EEB3-0280-3A68-A73D-12E25EFBAFB0}
	EndProjectSection
EndProject
Project("{8BC9CEB8-8B4A-11D0-8D11-00A0C91BC942}") = "gears", "examples\gears.vcxproj", "{BBF7753D-32AF-37A0-9A8F-42214FF60CA8}"
	ProjectSection(ProjectDependencies) = postProject
		{CE758AEC-C1DC-34D3-B876-4F4B7085E7CB} = {CE758AEC-C1DC-34D3-B876-4F4B7085E7CB}
		{2AA4EEB3-0280-3A68-A73D-12E25EFBAFB0} = {2AA4EEB3-0280-3A68-A73D-12E25EFBAFB0}
	EndProjectSection
EndProject
Project("{8BC9CEB8-8B4A-11D0-8D11-00A0C91BC942}") = "glfw", "src\glfw.vcxproj", "{2AA4EEB3-0280-3A68-A73D-12E25EFBAFB0}"
	ProjectSection(ProjectDependencies) = postProject
		{CE758AEC-C1DC-34D3-B876-4F4B7085E7CB} = {CE758AEC-C1DC-34D3-B876-4F4B7085E7CB}
	EndProjectSection
EndProject
Project("{8BC9CEB8-8B4A-11D0-8D11-00A0C91BC942}") = "glfwinfo", "tests\glfwinfo.vcxproj", "{B299AB24-6CDD-3129-8664-AF5E82A60CED}"
	ProjectSection(ProjectDependencies) = postProject
		{CE758AEC-C1DC-34D3-B876-4F4B7085E7CB} = {CE758AEC-C1DC-34D3-B876-4F4B7085E7CB}
		{2AA4EEB3-0280-3A68-A73D-12E25EFBAFB0} = {2AA4EEB3-0280-3A68-A73D-12E25EFBAFB0}
	EndProjectSection
EndProject
Project("{8BC9CEB8-8B4A-11D0-8D11-00A0C91BC942}") = "heightmap", "examples\heightmap.vcxproj", "{25707FC7-D219-35E6-8BB2-F7ED3B394FAA}"
	ProjectSection(ProjectDependencies) = postProject
		{CE758AEC-C1DC-34D3-B876-4F4B7085E7CB} = {CE758AEC-C1DC-34D3-B876-4F4B7085E7CB}
		{2AA4EEB3-0280-3A68-A73D-12E25EFBAFB0} = {2AA4EEB3-0280-3A68-A73D-12E25EFBAFB0}
	EndProjectSection
EndProject
Project("{8BC9CEB8-8B4A-11D0-8D11-00A0C91BC942}") = "icon", "tests\icon.vcxproj", "{1FC9E14D-148C-3BD5-8274-D495AD921E9A}"
	ProjectSection(ProjectDependencies) = postProject
		{CE758AEC-C1DC-34D3-B876-4F4B7085E7CB} = {CE758AEC-C1DC-34D3-B876-4F4B7085E7CB}
		{2AA4EEB3-0280-3A68-A73D-12E25EFBAFB0} = {2AA4EEB3-0280-3A68-A73D-12E25EFBAFB0}
	EndProjectSection
EndProject
Project("{8BC9CEB8-8B4A-11D0-8D11-00A0C91BC942}") = "iconify", "tests\iconify.vcxproj", "{0135E2D4-1F0D-3818-95CB-F0EF0D106296}"
	ProjectSection(ProjectDependencies) = postProject
		{CE758AEC-C1DC-34D3-B876-4F4B7085E7CB} = {CE758AEC-C1DC-34D3-B876-4F4B7085E7CB}
		{2AA4EEB3-0280-3A68-A73D-12E25EFBAFB0} = {2AA4EEB3-0280-3A68-A73D-12E25EFBAFB0}
	EndProjectSection
EndProject
Project("{8BC9CEB8-8B4A-11D0-8D11-00A0C91BC942}") = "inputlag", "tests\inputlag.vcxproj", "{FE4FE283-E54C-3FF8-A3F9-51FD9C3A0111}"
	ProjectSection(ProjectDependencies) = postProject
		{CE758AEC-C1DC-34D3-B876-4F4B7085E7CB} = {CE758AEC-C1DC-34D3-B876-4F4B7085E7CB}
		{2AA4EEB3-0280-3A68-A73D-12E25EFBAFB0} = {2AA4EEB3-0280-3A68-A73D-12E25EFBAFB0}
	EndProjectSection
EndProject
Project("{8BC9CEB8-8B4A-11D0-8D11-00A0C91BC942}") = "joysticks", "tests\joysticks.vcxproj", "{5BCBC558-F9A6-3E1B-A3D2-70E3319E3615}"
	ProjectSection(ProjectDependencies) = postProject
		{CE758AEC-C1DC-34D3-B876-4F4B7085E7CB} = {CE758AEC-C1DC-34D3-B876-4F4B7085E7CB}
		{2AA4EEB3-0280-3A68-A73D-12E25EFBAFB0} = {2AA4EEB3-0280-3A68-A73D-12E25EFBAFB0}
	EndProjectSection
EndProject
Project("{8BC9CEB8-8B4A-11D0-8D11-00A0C91BC942}") = "monitors", "tests\monitors.vcxproj", "{F31D0B60-93A1-3C47-A5B0-4A765E143D3C}"
	ProjectSection(ProjectDependencies) = postProject
		{CE758AEC-C1DC-34D3-B876-4F4B7085E7CB} = {CE758AEC-C1DC-34D3-B876-4F4B7085E7CB}
		{2AA4EEB3-0280-3A68-A73D-12E25EFBAFB0} = {2AA4EEB3-0280-3A68-A73D-12E25EFBAFB0}
	EndProjectSection
EndProject
Project("{8BC9CEB8-8B4A-11D0-8D11-00A0C91BC942}") = "msaa", "tests\msaa.vcxproj", "{EA24AAC7-BFDD-3ED8-AE5F-52EA84684B4C}"
	ProjectSection(ProjectDependencies) = postProject
		{CE758AEC-C1DC-34D3-B876-4F4B7085E7CB} = {CE758AEC-C1DC-34D3-B876-4F4B7085E7CB}
		{2AA4EEB3-0280-3A68-A73D-12E25EFBAFB0} = {2AA4EEB3-0280-3A68-A73D-12E25EFBAFB0}
	EndProjectSection
EndProject
Project("{8BC9CEB8-8B4A-11D0-8D11-00A0C91BC942}") = "offscreen", "examples\offscreen.vcxproj", "{CAA8195A-1214-3DA5-AEC5-EE8112D860E2}"
	ProjectSection(ProjectDependencies) = postProject
		{CE758AEC-C1DC-34D3-B876-4F4B7085E7CB} = {CE758AEC-C1DC-34D3-B876-4F4B7085E7CB}
		{2AA4EEB3-0280-3A68-A73D-12E25EFBAFB0} = {2AA4EEB3-0280-3A68-A73D-12E25EFBAFB0}
	EndProjectSection
EndProject
Project("{8BC9CEB8-8B4A-11D0-8D11-00A0C91BC942}") = "opacity", "tests\opacity.vcxproj", "{4B3C849B-5FB5-3786-AF6F-86CC08D3E37A}"
	ProjectSection(ProjectDependencies) = postProject
		{CE758AEC-C1DC-34D3-B876-4F4B7085E7CB} = {CE758AEC-C1DC-34D3-B876-4F4B7085E7CB}
		{2AA4EEB3-0280-3A68-A73D-12E25EFBAFB0} = {2AA4EEB3-0280-3A68-A73D-12E25EFBAFB0}
	EndProjectSection
EndProject
Project("{8BC9CEB8-8B4A-11D0-8D11-00A0C91BC942}") = "particles", "examples\particles.vcxproj", "{6941FCD3-F2B7-3FC2-B3AD-273ECAA9B0B2}"
	ProjectSection(ProjectDependencies) = postProject
		{CE758AEC-C1DC-34D3-B876-4F4B7085E7CB} = {CE758AEC-C1DC-34D3-B876-4F4B7085E7CB}
		{2AA4EEB3-0280-3A68-A73D-12E25EFBAFB0} = {2AA4EEB3-0280-3A68-A73D-12E25EFBAFB0}
	EndProjectSection
EndProject
Project("{8BC9CEB8-8B4A-11D0-8D11-00A0C91BC942}") = "reopen", "tests\reopen.vcxproj", "{F68D7F81-B744-37E1-A68B-32CA214AC989}"
	ProjectSection(ProjectDependencies) = postProject
		{CE758AEC-C1DC-34D3-B876-4F4B7085E7CB} = {CE758AEC-C1DC-34D3-B876-4F4B7085E7CB}
		{2AA4EEB3-0280-3A68-A73D-12E25EFBAFB0} = {2AA4EEB3-0280-3A68-A73D-12E25EFBAFB0}
	EndProjectSection
EndProject
Project("{8BC9CEB8-8B4A-11D0-8D11-00A0C91BC942}") = "sharing", "examples\sharing.vcxproj", "{CA3FC764-A9E1-3634-AB46-46879D117B19}"
	ProjectSection(ProjectDependencies) = postProject
		{CE758AEC-C1DC-34D3-B876-4F4B7085E7CB} = {CE758AEC-C1DC-34D3-B876-4F4B7085E7CB}
		{2AA4EEB3-0280-3A68-A73D-12E25EFBAFB0} = {2AA4EEB3-0280-3A68-A73D-12E25EFBAFB0}
	EndProjectSection
EndProject
Project("{8BC9CEB8-8B4A-11D0-8D11-00A0C91BC942}") = "simple", "examples\simple.vcxproj", "{6EF1D6EE-6508-3ACD-9873-867FB21B9B8B}"
	ProjectSection(ProjectDependencies) = postProject
		{CE758AEC-C1DC-34D3-B876-4F4B7085E7CB} = {CE758AEC-C1DC-34D3-B876-4F4B7085E7CB}
		{2AA4EEB3-0280-3A68-A73D-12E25EFBAFB0} = {2AA4EEB3-0280-3A68-A73D-12E25EFBAFB0}
	EndProjectSection
EndProject
Project("{8BC9CEB8-8B4A-11D0-8D11-00A0C91BC942}") = "splitview", "examples\splitview.vcxproj", "{15812E64-8F4E-3437-8577-39F9D244FECB}"
	ProjectSection(ProjectDependencies) = postProject
		{CE758AEC-C1DC-34D3-B876-4F4B7085E7CB} = {CE758AEC-C1DC-34D3-B876-4F4B7085E7CB}
		{2AA4EEB3-0280-3A68-A73D-12E25EFBAFB0} = {2AA4EEB3-0280-3A68-A73D-12E25EFBAFB0}
	EndProjectSection
EndProject
Project("{8BC9CEB8-8B4A-11D0-8D11-00A0C91BC942}") = "tearing", "tests\tearing.vcxproj", "{3B8AE778-5ACB-3C9F-9CAE-ED4A1E41B24D}"
	ProjectSection(ProjectDependencies) = postProject
		{CE758AEC-C1DC-34D3-B876-4F4B7085E7CB} = {CE758AEC-C1DC-34D3-B876-4F4B7085E7CB}
		{2AA4EEB3-0280-3A68-A73D-12E25EFBAFB0} = {2AA4EEB3-0280-3A68-A73D-12E25EFBAFB0}
	EndProjectSection
EndProject
Project("{8BC9CEB8-8B4A-11D0-8D11-00A0C91BC942}") = "threads", "tests\threads.vcxproj", "{C042AE73-9A82-3237-9252-0D32E0CFB543}"
	ProjectSection(ProjectDependencies) = postProject
		{CE758AEC-C1DC-34D3-B876-4F4B7085E7CB} = {CE758AEC-C1DC-34D3-B876-4F4B7085E7CB}
		{2AA4EEB3-0280-3A68-A73D-12E25EFBAFB0} = {2AA4EEB3-0280-3A68-A73D-12E25EFBAFB0}
	EndProjectSection
EndProject
Project("{8BC9CEB8-8B4A-11D0-8D11-00A0C91BC942}") = "timeout", "tests\timeout.vcxproj", "{DBBD1B7D-C812-3344-87D6-9F25072F21D6}"
	ProjectSection(ProjectDependencies) = postProject
		{CE758AEC-C1DC-34D3-B876-4F4B7085E7CB} = {CE758AEC-C1DC-34D3-B876-4F4B7085E7CB}
		{2AA4EEB3-0280-3A68-A73D-12E25EFBAFB0} = {2AA4EEB3-0280-3A68-A73D-12E25EFBAFB0}
	EndProjectSection
EndProject
Project("{8BC9CEB8-8B4A-11D0-8D11-00A0C91BC942}") = "title", "tests\title.vcxproj", "{E1DAC617-CA80-3EB4-8E88-AA54C22FBA7E}"
	ProjectSection(ProjectDependencies) = postProject
		{CE758AEC-C1DC-34D3-B876-4F4B7085E7CB} = {CE758AEC-C1DC-34D3-B876-4F4B7085E7CB}
		{2AA4EEB3-0280-3A68-A73D-12E25EFBAFB0} = {2AA4EEB3-0280-3A68-A73D-12E25EFBAFB0}
	EndProjectSection
EndProject
Project("{8BC9CEB8-8B4A-11D0-8D11-00A0C91BC942}") = "uninstall", "uninstall.vcxproj", "{5160A1A9-8278-311D-BC4C-274A46F62D16}"
	ProjectSection(ProjectDependencies) = postProject
		{CE758AEC-C1DC-34D3-B876-4F4B7085E7CB} = {CE758AEC-C1DC-34D3-B876-4F4B7085E7CB}
	EndProjectSection
EndProject
Project("{8BC9CEB8-8B4A-11D0-8D11-00A0C91BC942}") = "vulkan", "tests\vulkan.vcxproj", "{D656CA2E-3DA0-365A-87CD-96C37D33AD4C}"
	ProjectSection(ProjectDependencies) = postProject
		{CE758AEC-C1DC-34D3-B876-4F4B7085E7CB} = {CE758AEC-C1DC-34D3-B876-4F4B7085E7CB}
		{2AA4EEB3-0280-3A68-A73D-12E25EFBAFB0} = {2AA4EEB3-0280-3A68-A73D-12E25EFBAFB0}
	EndProjectSection
EndProject
Project("{8BC9CEB8-8B4A-11D0-8D11-00A0C91BC942}") = "wave", "examples\wave.vcxproj", "{6B10D0B4-4875-31D8-8067-3985FA558ABB}"
	ProjectSection(ProjectDependencies) = postProject
		{CE758AEC-C1DC-34D3-B876-4F4B7085E7CB} = {CE758AEC-C1DC-34D3-B876-4F4B7085E7CB}
		{2AA4EEB3-0280-3A68-A73D-12E25EFBAFB0} = {2AA4EEB3-0280-3A68-A73D-12E25EFBAFB0}
	EndProjectSection
EndProject
Project("{8BC9CEB8-8B4A-11D0-8D11-00A0C91BC942}") = "windows", "tests\windows.vcxproj", "{4B1DE99D-5A0F-3EB9-BA0E-640B3D872A27}"
	ProjectSection(ProjectDependencies) = postProject
		{CE758AEC-C1DC-34D3-B876-4F4B7085E7CB} = {CE758AEC-C1DC-34D3-B876-4F4B7085E7CB}
		{2AA4EEB3-0280-3A68-A73D-12E25EFBAFB0} = {2AA4EEB3-0280-3A68-A73D-12E25EFBAFB0}
	EndProjectSection
EndProject
Global
	GlobalSection(SolutionConfigurationPlatforms) = preSolution
		Debug|Win32 = Debug|Win32
		Debug|x64 = Debug|x64
		Debug|x86 = Debug|x86
		MinSizeRel|Win32 = MinSizeRel|Win32
		MinSizeRel|x64 = MinSizeRel|x64
		MinSizeRel|x86 = MinSizeRel|x86
		Release|Win32 = Release|Win32
		Release|x64 = Release|x64
		Release|x86 = Release|x86
		RelWithDebInfo|Win32 = RelWithDebInfo|Win32
		RelWithDebInfo|x64 = RelWithDebInfo|x64
		RelWithDebInfo|x86 = RelWithDebInfo|x86
	EndGlobalSection
	GlobalSection(ProjectConfigurationPlatforms) = postSolution
		{984E55F1-F30F-30D5-A9F2-726091D55342}.Debug|Win32.ActiveCfg = Debug|Win32
		{984E55F1-F30F-30D5-A9F2-726091D55342}.Debug|Win32.Build.0 = Debug|Win32
		{984E55F1-F30F-30D5-A9F2-726091D55342}.Debug|x64.ActiveCfg = Debug|x64
		{984E55F1-F30F-30D5-A9F2-726091D55342}.Debug|x64.Build.0 = Debug|x64
		{984E55F1-F30F-30D5-A9F2-726091D55342}.Debug|x86.ActiveCfg = Debug|Win32
		{984E55F1-F30F-30D5-A9F2-726091D55342}.Debug|x86.Build.0 = Debug|Win32
		{984E55F1-F30F-30D5-A9F2-726091D55342}.MinSizeRel|Win32.ActiveCfg = MinSizeRel|Win32
		{984E55F1-F30F-30D5-A9F2-726091D55342}.MinSizeRel|Win32.Build.0 = MinSizeRel|Win32
		{984E55F1-F30F-30D5-A9F2-726091D55342}.MinSizeRel|x64.ActiveCfg = MinSizeRel|x64
		{984E55F1-F30F-30D5-A9F2-726091D55342}.MinSizeRel|x64.Build.0 = MinSizeRel|x64
		{984E55F1-F30F-30D5-A9F2-726091D55342}.MinSizeRel|x86.ActiveCfg = MinSizeRel|Win32
		{984E55F1-F30F-30D5-A9F2-726091D55342}.MinSizeRel|x86.Build.0 = MinSizeRel|Win32
		{984E55F1-F30F-30D5-A9F2-726091D55342}.Release|Win32.ActiveCfg = Release|Win32
		{984E55F1-F30F-30D5-A9F2-726091D55342}.Release|Win32.Build.0 = Release|Win32
		{984E55F1-F30F-30D5-A9F2-726091D55342}.Release|x64.ActiveCfg = Release|x64
		{984E55F1-F30F-30D5-A9F2-726091D55342}.Release|x64.Build.0 = Release|x64
		{984E55F1-F30F-30D5-A9F2-726091D55342}.Release|x86.ActiveCfg = Release|Win32
		{984E55F1-F30F-30D5-A9F2-726091D55342}.Release|x86.Build.0 = Release|Win32
		{984E55F1-F30F-30D5-A9F2-726091D55342}.RelWithDebInfo|Win32.ActiveCfg = RelWithDebInfo|Win32
		{984E55F1-F30F-30D5-A9F2-726091D55342}.RelWithDebInfo|Win32.Build.0 = RelWithDebInfo|Win32
		{984E55F1-F30F-30D5-A9F2-726091D55342}.RelWithDebInfo|x64.ActiveCfg = RelWithDebInfo|x64
		{984E55F1-F30F-30D5-A9F2-726091D55342}.RelWithDebInfo|x64.Build.0 = RelWithDebInfo|x64
		{984E55F1-F30F-30D5-A9F2-726091D55342}.RelWithDebInfo|x86.ActiveCfg = RelWithDebInfo|Win32
		{984E55F1-F30F-30D5-A9F2-726091D55342}.RelWithDebInfo|x86.Build.0 = RelWithDebInfo|Win32
		{087B5FA0-FD87-3CA5-B22F-95E581843703}.Debug|Win32.ActiveCfg = Debug|Win32
		{087B5FA0-FD87-3CA5-B22F-95E581843703}.Debug|Win32.Build.0 = Debug|Win32
		{087B5FA0-FD87-3CA5-B22F-95E581843703}.Debug|x64.ActiveCfg = Debug|x64
		{087B5FA0-FD87-3CA5-B22F-95E581843703}.Debug|x86.ActiveCfg = Debug|Win32
		{087B5FA0-FD87-3CA5-B22F-95E581843703}.Debug|x86.Build.0 = Debug|Win32
		{087B5FA0-FD87-3CA5-B22F-95E581843703}.MinSizeRel|Win32.ActiveCfg = MinSizeRel|Win32
		{087B5FA0-FD87-3CA5-B22F-95E581843703}.MinSizeRel|Win32.Build.0 = MinSizeRel|Win32
		{087B5FA0-FD87-3CA5-B22F-95E581843703}.MinSizeRel|x64.ActiveCfg = MinSizeRel|x64
		{087B5FA0-FD87-3CA5-B22F-95E581843703}.MinSizeRel|x86.ActiveCfg = MinSizeRel|Win32
		{087B5FA0-FD87-3CA5-B22F-95E581843703}.MinSizeRel|x86.Build.0 = MinSizeRel|Win32
		{087B5FA0-FD87-3CA5-B22F-95E581843703}.Release|Win32.ActiveCfg = Release|Win32
		{087B5FA0-FD87-3CA5-B22F-95E581843703}.Release|Win32.Build.0 = Release|Win32
		{087B5FA0-FD87-3CA5-B22F-95E581843703}.Release|x64.ActiveCfg = Release|x64
		{087B5FA0-FD87-3CA5-B22F-95E581843703}.Release|x86.ActiveCfg = Release|Win32
		{087B5FA0-FD87-3CA5-B22F-95E581843703}.Release|x86.Build.0 = Release|Win32
		{087B5FA0-FD87-3CA5-B22F-95E581843703}.RelWithDebInfo|Win32.ActiveCfg = RelWithDebInfo|Win32
		{087B5FA0-FD87-3CA5-B22F-95E581843703}.RelWithDebInfo|Win32.Build.0 = RelWithDebInfo|Win32
		{087B5FA0-FD87-3CA5-B22F-95E581843703}.RelWithDebInfo|x64.ActiveCfg = RelWithDebInfo|x64
		{087B5FA0-FD87-3CA5-B22F-95E581843703}.RelWithDebInfo|x86.ActiveCfg = RelWithDebInfo|Win32
		{087B5FA0-FD87-3CA5-B22F-95E581843703}.RelWithDebInfo|x86.Build.0 = RelWithDebInfo|Win32
		{CE758AEC-C1DC-34D3-B876-4F4B7085E7CB}.Debug|Win32.ActiveCfg = Debug|Win32
		{CE758AEC-C1DC-34D3-B876-4F4B7085E7CB}.Debug|Win32.Build.0 = Debug|Win32
		{CE758AEC-C1DC-34D3-B876-4F4B7085E7CB}.Debug|x64.ActiveCfg = Debug|x64
		{CE758AEC-C1DC-34D3-B876-4F4B7085E7CB}.Debug|x64.Build.0 = Debug|x64
		{CE758AEC-C1DC-34D3-B876-4F4B7085E7CB}.Debug|x86.ActiveCfg = Debug|Win32
		{CE758AEC-C1DC-34D3-B876-4F4B7085E7CB}.Debug|x86.Build.0 = Debug|Win32
		{CE758AEC-C1DC-34D3-B876-4F4B7085E7CB}.MinSizeRel|Win32.ActiveCfg = MinSizeRel|Win32
		{CE758AEC-C1DC-34D3-B876-4F4B7085E7CB}.MinSizeRel|Win32.Build.0 = MinSizeRel|Win32
		{CE758AEC-C1DC-34D3-B876-4F4B7085E7CB}.MinSizeRel|x64.ActiveCfg = MinSizeRel|x64
		{CE758AEC-C1DC-34D3-B876-4F4B7085E7CB}.MinSizeRel|x64.Build.0 = MinSizeRel|x64
		{CE758AEC-C1DC-34D3-B876-4F4B7085E7CB}.MinSizeRel|x86.ActiveCfg = MinSizeRel|Win32
		{CE758AEC-C1DC-34D3-B876-4F4B7085E7CB}.MinSizeRel|x86.Build.0 = MinSizeRel|Win32
		{CE758AEC-C1DC-34D3-B876-4F4B7085E7CB}.Release|Win32.ActiveCfg = Release|Win32
		{CE758AEC-C1DC-34D3-B876-4F4B7085E7CB}.Release|Win32.Build.0 = Release|Win32
		{CE758AEC-C1DC-34D3-B876-4F4B7085E7CB}.Release|x64.ActiveCfg = Release|x64
		{CE758AEC-C1DC-34D3-B876-4F4B7085E7CB}.Release|x64.Build.0 = Release|x64
		{CE758AEC-C1DC-34D3-B876-4F4B7085E7CB}.Release|x86.ActiveCfg = Release|Win32
		{CE758AEC-C1DC-34D3-B876-4F4B7085E7CB}.Release|x86.Build.0 = Release|Win32
		{CE758AEC-C1DC-34D3-B876-4F4B7085E7CB}.RelWithDebInfo|Win32.ActiveCfg = RelWithDebInfo|Win32
		{CE758AEC-C1DC-34D3-B876-4F4B7085E7CB}.RelWithDebInfo|Win32.Build.0 = RelWithDebInfo|Win32
		{CE758AEC-C1DC-34D3-B876-4F4B7085E7CB}.RelWithDebInfo|x64.ActiveCfg = RelWithDebInfo|x64
		{CE758AEC-C1DC-34D3-B876-4F4B7085E7CB}.RelWithDebInfo|x64.Build.0 = RelWithDebInfo|x64
		{CE758AEC-C1DC-34D3-B876-4F4B7085E7CB}.RelWithDebInfo|x86.ActiveCfg = RelWithDebInfo|Win32
		{CE758AEC-C1DC-34D3-B876-4F4B7085E7CB}.RelWithDebInfo|x86.Build.0 = RelWithDebInfo|Win32
		{7FDC5356-51FF-37D0-AABF-DEE3045C4CE2}.Debug|Win32.ActiveCfg = Debug|Win32
		{7FDC5356-51FF-37D0-AABF-DEE3045C4CE2}.Debug|Win32.Build.0 = Debug|Win32
		{7FDC5356-51FF-37D0-AABF-DEE3045C4CE2}.Debug|x64.ActiveCfg = Debug|x64
		{7FDC5356-51FF-37D0-AABF-DEE3045C4CE2}.Debug|x64.Build.0 = Debug|x64
		{7FDC5356-51FF-37D0-AABF-DEE3045C4CE2}.Debug|x86.ActiveCfg = Debug|Win32
		{7FDC5356-51FF-37D0-AABF-DEE3045C4CE2}.Debug|x86.Build.0 = Debug|Win32
		{7FDC5356-51FF-37D0-AABF-DEE3045C4CE2}.MinSizeRel|Win32.ActiveCfg = MinSizeRel|Win32
		{7FDC5356-51FF-37D0-AABF-DEE3045C4CE2}.MinSizeRel|Win32.Build.0 = MinSizeRel|Win32
		{7FDC5356-51FF-37D0-AABF-DEE3045C4CE2}.MinSizeRel|x64.ActiveCfg = MinSizeRel|x64
		{7FDC5356-51FF-37D0-AABF-DEE3045C4CE2}.MinSizeRel|x64.Build.0 = MinSizeRel|x64
		{7FDC5356-51FF-37D0-AABF-DEE3045C4CE2}.MinSizeRel|x86.ActiveCfg = MinSizeRel|Win32
		{7FDC5356-51FF-37D0-AABF-DEE3045C4CE2}.MinSizeRel|x86.Build.0 = MinSizeRel|Win32
		{7FDC5356-51FF-37D0-AABF-DEE3045C4CE2}.Release|Win32.ActiveCfg = Release|Win32
		{7FDC5356-51FF-37D0-AABF-DEE3045C4CE2}.Release|Win32.Build.0 = Release|Win32
		{7FDC5356-51FF-37D0-AABF-DEE3045C4CE2}.Release|x64.ActiveCfg = Release|x64
		{7FDC5356-51FF-37D0-AABF-DEE3045C4CE2}.Release|x64.Build.0 = Release|x64
		{7FDC5356-51FF-37D0-AABF-DEE3045C4CE2}.Release|x86.ActiveCfg = Release|Win32
		{7FDC5356-51FF-37D0-AABF-DEE3045C4CE2}.Release|x86.Build.0 = Release|Win32
		{7FDC5356-51FF-37D0-AABF-DEE3045C4CE2}.RelWithDebInfo|Win32.ActiveCfg = RelWithDebInfo|Win32
		{7FDC5356-51FF-37D0-AABF-DEE3045C4CE2}.RelWithDebInfo|Win32.Build.0 = RelWithDebInfo|Win32
		{7FDC5356-51FF-37D0-AABF-DEE3045C4CE2}.RelWithDebInfo|x64.ActiveCfg = RelWithDebInfo|x64
		{7FDC5356-51FF-37D0-AABF-DEE3045C4CE2}.RelWithDebInfo|x64.Build.0 = RelWithDebInfo|x64
		{7FDC5356-51FF-37D0-AABF-DEE3045C4CE2}.RelWithDebInfo|x86.ActiveCfg = RelWithDebInfo|Win32
		{7FDC5356-51FF-37D0-AABF-DEE3045C4CE2}.RelWithDebInfo|x86.Build.0 = RelWithDebInfo|Win32
		{883FB75E-6512-3F24-B787-5D3A3E25FA81}.Debug|Win32.ActiveCfg = Debug|Win32
		{883FB75E-6512-3F24-B787-5D3A3E25FA81}.Debug|Win32.Build.0 = Debug|Win32
		{883FB75E-6512-3F24-B787-5D3A3E25FA81}.Debug|x64.ActiveCfg = Debug|x64
		{883FB75E-6512-3F24-B787-5D3A3E25FA81}.Debug|x64.Build.0 = Debug|x64
		{883FB75E-6512-3F24-B787-5D3A3E25FA81}.Debug|x86.ActiveCfg = Debug|Win32
		{883FB75E-6512-3F24-B787-5D3A3E25FA81}.Debug|x86.Build.0 = Debug|Win32
		{883FB75E-6512-3F24-B787-5D3A3E25FA81}.MinSizeRel|Win32.ActiveCfg = MinSizeRel|Win32
		{883FB75E-6512-3F24-B787-5D3A3E25FA81}.MinSizeRel|Win32.Build.0 = MinSizeRel|Win32
		{883FB75E-6512-3F24-B787-5D3A3E25FA81}.MinSizeRel|x64.ActiveCfg = MinSizeRel|x64
		{883FB75E-6512-3F24-B787-5D3A3E25FA81}.MinSizeRel|x64.Build.0 = MinSizeRel|x64
		{883FB75E-6512-3F24-B787-5D3A3E25FA81}.MinSizeRel|x86.ActiveCfg = MinSizeRel|Win32
		{883FB75E-6512-3F24-B787-5D3A3E25FA81}.MinSizeRel|x86.Build.0 = MinSizeRel|Win32
		{883FB75E-6512-3F24-B787-5D3A3E25FA81}.Release|Win32.ActiveCfg = Release|Win32
		{883FB75E-6512-3F24-B787-5D3A3E25FA81}.Release|Win32.Build.0 = Release|Win32
		{883FB75E-6512-3F24-B787-5D3A3E25FA81}.Release|x64.ActiveCfg = Release|x64
		{883FB75E-6512-3F24-B787-5D3A3E25FA81}.Release|x64.Build.0 = Release|x64
		{883FB75E-6512-3F24-B787-5D3A3E25FA81}.Release|x86.ActiveCfg = Release|Win32
		{883FB75E-6512-3F24-B787-5D3A3E25FA81}.Release|x86.Build.0 = Release|Win32
		{883FB75E-6512-3F24-B787-5D3A3E25FA81}.RelWithDebInfo|Win32.ActiveCfg = RelWithDebInfo|Win32
		{883FB75E-6512-3F24-B787-5D3A3E25FA81}.RelWithDebInfo|Win32.Build.0 = RelWithDebInfo|Win32
		{883FB75E-6512-3F24-B787-5D3A3E25FA81}.RelWithDebInfo|x64.ActiveCfg = RelWithDebInfo|x64
		{883FB75E-6512-3F24-B787-5D3A3E25FA81}.RelWithDebInfo|x64.Build.0 = RelWithDebInfo|x64
		{883FB75E-6512-3F24-B787-5D3A3E25FA81}.RelWithDebInfo|x86.ActiveCfg = RelWithDebInfo|Win32
		{883FB75E-6512-3F24-B787-5D3A3E25FA81}.RelWithDebInfo|x86.Build.0 = RelWithDebInfo|Win32
		{C47F537B-E4CB-3BFD-8E32-E85BA274E872}.Debug|Win32.ActiveCfg = Debug|Win32
		{C47F537B-E4CB-3BFD-8E32-E85BA274E872}.Debug|Win32.Build.0 = Debug|Win32
		{C47F537B-E4CB-3BFD-8E32-E85BA274E872}.Debug|x64.ActiveCfg = Debug|x64
		{C47F537B-E4CB-3BFD-8E32-E85BA274E872}.Debug|x64.Build.0 = Debug|x64
		{C47F537B-E4CB-3BFD-8E32-E85BA274E872}.Debug|x86.ActiveCfg = Debug|Win32
		{C47F537B-E4CB-3BFD-8E32-E85BA274E872}.Debug|x86.Build.0 = Debug|Win32
		{C47F537B-E4CB-3BFD-8E32-E85BA274E872}.MinSizeRel|Win32.ActiveCfg = MinSizeRel|Win32
		{C47F537B-E4CB-3BFD-8E32-E85BA274E872}.MinSizeRel|Win32.Build.0 = MinSizeRel|Win32
		{C47F537B-E4CB-3BFD-8E32-E85BA274E872}.MinSizeRel|x64.ActiveCfg = MinSizeRel|x64
		{C47F537B-E4CB-3BFD-8E32-E85BA274E872}.MinSizeRel|x64.Build.0 = MinSizeRel|x64
		{C47F537B-E4CB-3BFD-8E32-E85BA274E872}.MinSizeRel|x86.ActiveCfg = MinSizeRel|Win32
		{C47F537B-E4CB-3BFD-8E32-E85BA274E872}.MinSizeRel|x86.Build.0 = MinSizeRel|Win32
		{C47F537B-E4CB-3BFD-8E32-E85BA274E872}.Release|Win32.ActiveCfg = Release|Win32
		{C47F537B-E4CB-3BFD-8E32-E85BA274E872}.Release|Win32.Build.0 = Release|Win32
		{C47F537B-E4CB-3BFD-8E32-E85BA274E872}.Release|x64.ActiveCfg = Release|x64
		{C47F537B-E4CB-3BFD-8E32-E85BA274E872}.Release|x64.Build.0 = Release|x64
		{C47F537B-E4CB-3BFD-8E32-E85BA274E872}.Release|x86.ActiveCfg = Release|Win32
		{C47F537B-E4CB-3BFD-8E32-E85BA274E872}.Release|x86.Build.0 = Release|Win32
		{C47F537B-E4CB-3BFD-8E32-E85BA274E872}.RelWithDebInfo|Win32.ActiveCfg = RelWithDebInfo|Win32
		{C47F537B-E4CB-3BFD-8E32-E85BA274E872}.RelWithDebInfo|Win32.Build.0 = RelWithDebInfo|Win32
		{C47F537B-E4CB-3BFD-8E32-E85BA274E872}.RelWithDebInfo|x64.ActiveCfg = RelWithDebInfo|x64
		{C47F537B-E4CB-3BFD-8E32-E85BA274E872}.RelWithDebInfo|x64.Build.0 = RelWithDebInfo|x64
		{C47F537B-E4CB-3BFD-8E32-E85BA274E872}.RelWithDebInfo|x86.ActiveCfg = RelWithDebInfo|Win32
		{C47F537B-E4CB-3BFD-8E32-E85BA274E872}.RelWithDebInfo|x86.Build.0 = RelWithDebInfo|Win32
		{A50516FA-559A-34A7-9D60-54A17B80A8F9}.Debug|Win32.ActiveCfg = Debug|Win32
		{A50516FA-559A-34A7-9D60-54A17B80A8F9}.Debug|Win32.Build.0 = Debug|Win32
		{A50516FA-559A-34A7-9D60-54A17B80A8F9}.Debug|x64.ActiveCfg = Debug|x64
		{A50516FA-559A-34A7-9D60-54A17B80A8F9}.Debug|x64.Build.0 = Debug|x64
		{A50516FA-559A-34A7-9D60-54A17B80A8F9}.Debug|x86.ActiveCfg = Debug|Win32
		{A50516FA-559A-34A7-9D60-54A17B80A8F9}.Debug|x86.Build.0 = Debug|Win32
		{A50516FA-559A-34A7-9D60-54A17B80A8F9}.MinSizeRel|Win32.ActiveCfg = MinSizeRel|Win32
		{A50516FA-559A-34A7-9D60-54A17B80A8F9}.MinSizeRel|Win32.Build.0 = MinSizeRel|Win32
		{A50516FA-559A-34A7-9D60-54A17B80A8F9}.MinSizeRel|x64.ActiveCfg = MinSizeRel|x64
		{A50516FA-559A-34A7-9D60-54A17B80A8F9}.MinSizeRel|x64.Build.0 = MinSizeRel|x64
		{A50516FA-559A-34A7-9D60-54A17B80A8F9}.MinSizeRel|x86.ActiveCfg = MinSizeRel|Win32
		{A50516FA-559A-34A7-9D60-54A17B80A8F9}.MinSizeRel|x86.Build.0 = MinSizeRel|Win32
		{A50516FA-559A-34A7-9D60-54A17B80A8F9}.Release|Win32.ActiveCfg = Release|Win32
		{A50516FA-559A-34A7-9D60-54A17B80A8F9}.Release|Win32.Build.0 = Release|Win32
		{A50516FA-559A-34A7-9D60-54A17B80A8F9}.Release|x64.ActiveCfg = Release|x64
		{A50516FA-559A-34A7-9D60-54A17B80A8F9}.Release|x64.Build.0 = Release|x64
		{A50516FA-559A-34A7-9D60-54A17B80A8F9}.Release|x86.ActiveCfg = Release|Win32
		{A50516FA-559A-34A7-9D60-54A17B80A8F9}.Release|x86.Build.0 = Release|Win32
		{A50516FA-559A-34A7-9D60-54A17B80A8F9}.RelWithDebInfo|Win32.ActiveCfg = RelWithDebInfo|Win32
		{A50516FA-559A-34A7-9D60-54A17B80A8F9}.RelWithDebInfo|Win32.Build.0 = RelWithDebInfo|Win32
		{A50516FA-559A-34A7-9D60-54A17B80A8F9}.RelWithDebInfo|x64.ActiveCfg = RelWithDebInfo|x64
		{A50516FA-559A-34A7-9D60-54A17B80A8F9}.RelWithDebInfo|x64.Build.0 = RelWithDebInfo|x64
		{A50516FA-559A-34A7-9D60-54A17B80A8F9}.RelWithDebInfo|x86.ActiveCfg = RelWithDebInfo|Win32
		{A50516FA-559A-34A7-9D60-54A17B80A8F9}.RelWithDebInfo|x86.Build.0 = RelWithDebInfo|Win32
		{39B972EF-BD80-3BD3-B41F-7E45692DF3DA}.Debug|Win32.ActiveCfg = Debug|Win32
		{39B972EF-BD80-3BD3-B41F-7E45692DF3DA}.Debug|Win32.Build.0 = Debug|Win32
		{39B972EF-BD80-3BD3-B41F-7E45692DF3DA}.Debug|x64.ActiveCfg = Debug|x64
		{39B972EF-BD80-3BD3-B41F-7E45692DF3DA}.Debug|x64.Build.0 = Debug|x64
		{39B972EF-BD80-3BD3-B41F-7E45692DF3DA}.Debug|x86.ActiveCfg = Debug|Win32
		{39B972EF-BD80-3BD3-B41F-7E45692DF3DA}.Debug|x86.Build.0 = Debug|Win32
		{39B972EF-BD80-3BD3-B41F-7E45692DF3DA}.MinSizeRel|Win32.ActiveCfg = MinSizeRel|Win32
		{39B972EF-BD80-3BD3-B41F-7E45692DF3DA}.MinSizeRel|Win32.Build.0 = MinSizeRel|Win32
		{39B972EF-BD80-3BD3-B41F-7E45692DF3DA}.MinSizeRel|x64.ActiveCfg = MinSizeRel|x64
		{39B972EF-BD80-3BD3-B41F-7E45692DF3DA}.MinSizeRel|x64.Build.0 = MinSizeRel|x64
		{39B972EF-BD80-3BD3-B41F-7E45692DF3DA}.MinSizeRel|x86.ActiveCfg = MinSizeRel|Win32
		{39B972EF-BD80-3BD3-B41F-7E45692DF3DA}.MinSizeRel|x86.Build.0 = MinSizeRel|Win32
		{39B972EF-BD80-3BD3-B41F-7E45692DF3DA}.Release|Win32.ActiveCfg = Release|Win32
		{39B972EF-BD80-3BD3-B41F-7E45692DF3DA}.Release|Win32.Build.0 = Release|Win32
		{39B972EF-BD80-3BD3-B41F-7E45692DF3DA}.Release|x64.ActiveCfg = Release|x64
		{39B972EF-BD80-3BD3-B41F-7E45692DF3DA}.Release|x64.Build.0 = Release|x64
		{39B972EF-BD80-3BD3-B41F-7E45692DF3DA}.Release|x86.ActiveCfg = Release|Win32
		{39B972EF-BD80-3BD3-B41F-7E45692DF3DA}.Release|x86.Build.0 = Release|Win32
		{39B972EF-BD80-3BD3-B41F-7E45692DF3DA}.RelWithDebInfo|Win32.ActiveCfg = RelWithDebInfo|Win32
		{39B972EF-BD80-3BD3-B41F-7E45692DF3DA}.RelWithDebInfo|Win32.Build.0 = RelWithDebInfo|Win32
		{39B972EF-BD80-3BD3-B41F-7E45692DF3DA}.RelWithDebInfo|x64.ActiveCfg = RelWithDebInfo|x64
		{39B972EF-BD80-3BD3-B41F-7E45692DF3DA}.RelWithDebInfo|x64.Build.0 = RelWithDebInfo|x64
		{39B972EF-BD80-3BD3-B41F-7E45692DF3DA}.RelWithDebInfo|x86.ActiveCfg = RelWithDebInfo|Win32
		{39B972EF-BD80-3BD3-B41F-7E45692DF3DA}.RelWithDebInfo|x86.Build.0 = RelWithDebInfo|Win32
		{2475B8A0-17E9-34B7-8A0E-9566AB1DA60E}.Debug|Win32.ActiveCfg = Debug|Win32
		{2475B8A0-17E9-34B7-8A0E-9566AB1DA60E}.Debug|Win32.Build.0 = Debug|Win32
		{2475B8A0-17E9-34B7-8A0E-9566AB1DA60E}.Debug|x64.ActiveCfg = Debug|x64
		{2475B8A0-17E9-34B7-8A0E-9566AB1DA60E}.Debug|x64.Build.0 = Debug|x64
		{2475B8A0-17E9-34B7-8A0E-9566AB1DA60E}.Debug|x86.ActiveCfg = Debug|Win32
		{2475B8A0-17E9-34B7-8A0E-9566AB1DA60E}.Debug|x86.Build.0 = Debug|Win32
		{2475B8A0-17E9-34B7-8A0E-9566AB1DA60E}.MinSizeRel|Win32.ActiveCfg = MinSizeRel|Win32
		{2475B8A0-17E9-34B7-8A0E-9566AB1DA60E}.MinSizeRel|Win32.Build.0 = MinSizeRel|Win32
		{2475B8A0-17E9-34B7-8A0E-9566AB1DA60E}.MinSizeRel|x64.ActiveCfg = MinSizeRel|x64
		{2475B8A0-17E9-34B7-8A0E-9566AB1DA60E}.MinSizeRel|x64.Build.0 = MinSizeRel|x64
		{2475B8A0-17E9-34B7-8A0E-9566AB1DA60E}.MinSizeRel|x86.ActiveCfg = MinSizeRel|Win32
		{2475B8A0-17E9-34B7-8A0E-9566AB1DA60E}.MinSizeRel|x86.Build.0 = MinSizeRel|Win32
		{2475B8A0-17E9-34B7-8A0E-9566AB1DA60E}.Release|Win32.ActiveCfg = Release|Win32
		{2475B8A0-17E9-34B7-8A0E-9566AB1DA60E}.Release|Win32.Build.0 = Release|Win32
		{2475B8A0-17E9-34B7-8A0E-9566AB1DA60E}.Release|x64.ActiveCfg = Release|x64
		{2475B8A0-17E9-34B7-8A0E-9566AB1DA60E}.Release|x64.Build.0 = Release|x64
		{2475B8A0-17E9-34B7-8A0E-9566AB1DA60E}.Release|x86.ActiveCfg = Release|Win32
		{2475B8A0-17E9-34B7-8A0E-9566AB1DA60E}.Release|x86.Build.0 = Release|Win32
		{2475B8A0-17E9-34B7-8A0E-9566AB1DA60E}.RelWithDebInfo|Win32.ActiveCfg = RelWithDebInfo|Win32
		{2475B8A0-17E9-34B7-8A0E-9566AB1DA60E}.RelWithDebInfo|Win32.Build.0 = RelWithDebInfo|Win32
		{2475B8A0-17E9-34B7-8A0E-9566AB1DA60E}.RelWithDebInfo|x64.ActiveCfg = RelWithDebInfo|x64
		{2475B8A0-17E9-34B7-8A0E-9566AB1DA60E}.RelWithDebInfo|x64.Build.0 = RelWithDebInfo|x64
		{2475B8A0-17E9-34B7-8A0E-9566AB1DA60E}.RelWithDebInfo|x86.ActiveCfg = RelWithDebInfo|Win32
		{2475B8A0-17E9-34B7-8A0E-9566AB1DA60E}.RelWithDebInfo|x86.Build.0 = RelWithDebInfo|Win32
		{B4223C30-BD6D-3406-B1AF-84557D10E648}.Debug|Win32.ActiveCfg = Debug|Win32
		{B4223C30-BD6D-3406-B1AF-84557D10E648}.Debug|Win32.Build.0 = Debug|Win32
		{B4223C30-BD6D-3406-B1AF-84557D10E648}.Debug|x64.ActiveCfg = Debug|x64
		{B4223C30-BD6D-3406-B1AF-84557D10E648}.Debug|x64.Build.0 = Debug|x64
		{B4223C30-BD6D-3406-B1AF-84557D10E648}.Debug|x86.ActiveCfg = Debug|Win32
		{B4223C30-BD6D-3406-B1AF-84557D10E648}.Debug|x86.Build.0 = Debug|Win32
		{B4223C30-BD6D-3406-B1AF-84557D10E648}.MinSizeRel|Win32.ActiveCfg = MinSizeRel|Win32
		{B4223C30-BD6D-3406-B1AF-84557D10E648}.MinSizeRel|Win32.Build.0 = MinSizeRel|Win32
		{B4223C30-BD6D-3406-B1AF-84557D10E648}.MinSizeRel|x64.ActiveCfg = MinSizeRel|x64
		{B4223C30-BD6D-3406-B1AF-84557D10E648}.MinSizeRel|x64.Build.0 = MinSizeRel|x64
		{B4223C30-BD6D-3406-B1AF-84557D10E648}.MinSizeRel|x86.ActiveCfg = MinSizeRel|Win32
		{B4223C30-BD6D-3406-B1AF-84557D10E648}.MinSizeRel|x86.Build.0 = MinSizeRel|Win32
		{B4223C30-BD6D-3406-B1AF-84557D10E648}.Release|Win32.ActiveCfg = Release|Win32
		{B4223C30-BD6D-3406-B1AF-84557D10E648}.Release|Win32.Build.0 = Release|Win32
		{B4223C30-BD6D-3406-B1AF-84557D10E648}.Release|x64.ActiveCfg = Release|x64
		{B4223C30-BD6D-3406-B1AF-84557D10E648}.Release|x64.Build.0 = Release|x64
		{B4223C30-BD6D-3406-B1AF-84557D10E648}.Release|x86.ActiveCfg = Release|Win32
		{B4223C30-BD6D-3406-B1AF-84557D10E648}.Release|x86.Build.0 = Release|Win32
		{B4223C30-BD6D-3406-B1AF-84557D10E648}.RelWithDebInfo|Win32.ActiveCfg = RelWithDebInfo|Win32
		{B4223C30-BD6D-3406-B1AF-84557D10E648}.RelWithDebInfo|Win32.Build.0 = RelWithDebInfo|Win32
		{B4223C30-BD6D-3406-B1AF-84557D10E648}.RelWithDebInfo|x64.ActiveCfg = RelWithDebInfo|x64
		{B4223C30-BD6D-3406-B1AF-84557D10E648}.RelWithDebInfo|x64.Build.0 = RelWithDebInfo|x64
		{B4223C30-BD6D-3406-B1AF-84557D10E648}.RelWithDebInfo|x86.ActiveCfg = RelWithDebInfo|Win32
		{B4223C30-BD6D-3406-B1AF-84557D10E648}.RelWithDebInfo|x86.Build.0 = RelWithDebInfo|Win32
		{BBF7753D-32AF-37A0-9A8F-42214FF60CA8}.Debug|Win32.ActiveCfg = Debug|Win32
		{BBF7753D-32AF-37A0-9A8F-42214FF60CA8}.Debug|Win32.Build.0 = Debug|Win32
		{BBF7753D-32AF-37A0-9A8F-42214FF60CA8}.Debug|x64.ActiveCfg = Debug|x64
		{BBF7753D-32AF-37A0-9A8F-42214FF60CA8}.Debug|x64.Build.0 = Debug|x64
		{BBF7753D-32AF-37A0-9A8F-42214FF60CA8}.Debug|x86.ActiveCfg = Debug|Win32
		{BBF7753D-32AF-37A0-9A8F-42214FF60CA8}.Debug|x86.Build.0 = Debug|Win32
		{BBF7753D-32AF-37A0-9A8F-42214FF60CA8}.MinSizeRel|Win32.ActiveCfg = MinSizeRel|Win32
		{BBF7753D-32AF-37A0-9A8F-42214FF60CA8}.MinSizeRel|Win32.Build.0 = MinSizeRel|Win32
		{BBF7753D-32AF-37A0-9A8F-42214FF60CA8}.MinSizeRel|x64.ActiveCfg = MinSizeRel|x64
		{BBF7753D-32AF-37A0-9A8F-42214FF60CA8}.MinSizeRel|x64.Build.0 = MinSizeRel|x64
		{BBF7753D-32AF-37A0-9A8F-42214FF60CA8}.MinSizeRel|x86.ActiveCfg = MinSizeRel|Win32
		{BBF7753D-32AF-37A0-9A8F-42214FF60CA8}.MinSizeRel|x86.Build.0 = MinSizeRel|Win32
		{BBF7753D-32AF-37A0-9A8F-42214FF60CA8}.Release|Win32.ActiveCfg = Release|Win32
		{BBF7753D-32AF-37A0-9A8F-42214FF60CA8}.Release|Win32.Build.0 = Release|Win32
		{BBF7753D-32AF-37A0-9A8F-42214FF60CA8}.Release|x64.ActiveCfg = Release|x64
		{BBF7753D-32AF-37A0-9A8F-42214FF60CA8}.Release|x64.Build.0 = Release|x64
		{BBF7753D-32AF-37A0-9A8F-42214FF60CA8}.Release|x86.ActiveCfg = Release|Win32
		{BBF7753D-32AF-37A0-9A8F-42214FF60CA8}.Release|x86.Build.0 = Release|Win32
		{BBF7753D-32AF-37A0-9A8F-42214FF60CA8}.RelWithDebInfo|Win32.ActiveCfg = RelWithDebInfo|Win32
		{BBF7753D-32AF-37A0-9A8F-42214FF60CA8}.RelWithDebInfo|Win32.Build.0 = RelWithDebInfo|Win32
		{BBF7753D-32AF-37A0-9A8F-42214FF60CA8}.RelWithDebInfo|x64.ActiveCfg = RelWithDebInfo|x64
		{BBF7753D-32AF-37A0-9A8F-42214FF60CA8}.RelWithDebInfo|x64.Build.0 = RelWithDebInfo|x64
		{BBF7753D-32AF-37A0-9A8F-42214FF60CA8}.RelWithDebInfo|x86.ActiveCfg = RelWithDebInfo|Win32
		{BBF7753D-32AF-37A0-9A8F-42214FF60CA8}.RelWithDebInfo|x86.Build.0 = RelWithDebInfo|Win32
		{2AA4EEB3-0280-3A68-A73D-12E25EFBAFB0}.Debug|Win32.ActiveCfg = Debug|Win32
		{2AA4EEB3-0280-3A68-A73D-12E25EFBAFB0}.Debug|Win32.Build.0 = Debug|Win32
		{2AA4EEB3-0280-3A68-A73D-12E25EFBAFB0}.Debug|x64.ActiveCfg = Debug|x64
		{2AA4EEB3-0280-3A68-A73D-12E25EFBAFB0}.Debug|x64.Build.0 = Debug|x64
		{2AA4EEB3-0280-3A68-A73D-12E25EFBAFB0}.Debug|x86.ActiveCfg = Debug|Win32
		{2AA4EEB3-0280-3A68-A73D-12E25EFBAFB0}.Debug|x86.Build.0 = Debug|Win32
		{2AA4EEB3-0280-3A68-A73D-12E25EFBAFB0}.MinSizeRel|Win32.ActiveCfg = MinSizeRel|Win32
		{2AA4EEB3-0280-3A68-A73D-12E25EFBAFB0}.MinSizeRel|Win32.Build.0 = MinSizeRel|Win32
		{2AA4EEB3-0280-3A68-A73D-12E25EFBAFB0}.MinSizeRel|x64.ActiveCfg = MinSizeRel|x64
		{2AA4EEB3-0280-3A68-A73D-12E25EFBAFB0}.MinSizeRel|x64.Build.0 = MinSizeRel|x64
		{2AA4EEB3-0280-3A68-A73D-12E25EFBAFB0}.MinSizeRel|x86.ActiveCfg = MinSizeRel|Win32
		{2AA4EEB3-0280-3A68-A73D-12E25EFBAFB0}.MinSizeRel|x86.Build.0 = MinSizeRel|Win32
		{2AA4EEB3-0280-3A68-A73D-12E25EFBAFB0}.Release|Win32.ActiveCfg = Release|Win32
		{2AA4EEB3-0280-3A68-A73D-12E25EFBAFB0}.Release|Win32.Build.0 = Release|Win32
		{2AA4EEB3-0280-3A68-A73D-12E25EFBAFB0}.Release|x64.ActiveCfg = Release|x64
		{2AA4EEB3-0280-3A68-A73D-12E25EFBAFB0}.Release|x64.Build.0 = Release|x64
		{2AA4EEB3-0280-3A68-A73D-12E25EFBAFB0}.Release|x86.ActiveCfg = Release|Win32
		{2AA4EEB3-0280-3A68-A73D-12E25EFBAFB0}.Release|x86.Build.0 = Release|Win32
		{2AA4EEB3-0280-3A68-A73D-12E25EFBAFB0}.RelWithDebInfo|Win32.ActiveCfg = RelWithDebInfo|Win32
		{2AA4EEB3-0280-3A68-A73D-12E25EFBAFB0}.RelWithDebInfo|Win32.Build.0 = RelWithDebInfo|Win32
		{2AA4EEB3-0280-3A68-A73D-12E25EFBAFB0}.RelWithDebInfo|x64.ActiveCfg = RelWithDebInfo|x64
		{2AA4EEB3-0280-3A68-A73D-12E25EFBAFB0}.RelWithDebInfo|x64.Build.0 = RelWithDebInfo|x64
		{2AA4EEB3-0280-3A68-A73D-12E25EFBAFB0}.RelWithDebInfo|x86.ActiveCfg = RelWithDebInfo|Win32
		{2AA4EEB3-0280-3A68-A73D-12E25EFBAFB0}.RelWithDebInfo|x86.Build.0 = RelWithDebInfo|Win32
		{B299AB24-6CDD-3129-8664-AF5E82A60CED}.Debug|Win32.ActiveCfg = Debug|Win32
		{B299AB24-6CDD-3129-8664-AF5E82A60CED}.Debug|Win32.Build.0 = Debug|Win32
		{B299AB24-6CDD-3129-8664-AF5E82A60CED}.Debug|x64.ActiveCfg = Debug|x64
		{B299AB24-6CDD-3129-8664-AF5E82A60CED}.Debug|x64.Build.0 = Debug|x64
		{B299AB24-6CDD-3129-8664-AF5E82A60CED}.Debug|x86.ActiveCfg = Debug|Win32
		{B299AB24-6CDD-3129-8664-AF5E82A60CED}.Debug|x86.Build.0 = Debug|Win32
		{B299AB24-6CDD-3129-8664-AF5E82A60CED}.MinSizeRel|Win32.ActiveCfg = MinSizeRel|Win32
		{B299AB24-6CDD-3129-8664-AF5E82A60CED}.MinSizeRel|Win32.Build.0 = MinSizeRel|Win32
		{B299AB24-6CDD-3129-8664-AF5E82A60CED}.MinSizeRel|x64.ActiveCfg = MinSizeRel|x64
		{B299AB24-6CDD-3129-8664-AF5E82A60CED}.MinSizeRel|x64.Build.0 = MinSizeRel|x64
		{B299AB24-6CDD-3129-8664-AF5E82A60CED}.MinSizeRel|x86.ActiveCfg = MinSizeRel|Win32
		{B299AB24-6CDD-3129-8664-AF5E82A60CED}.MinSizeRel|x86.Build.0 = MinSizeRel|Win32
		{B299AB24-6CDD-3129-8664-AF5E82A60CED}.Release|Win32.ActiveCfg = Release|Win32
		{B299AB24-6CDD-3129-8664-AF5E82A60CED}.Release|Win32.Build.0 = Release|Win32
		{B299AB24-6CDD-3129-8664-AF5E82A60CED}.Release|x64.ActiveCfg = Release|x64
		{B299AB24-6CDD-3129-8664-AF5E82A60CED}.Release|x64.Build.0 = Release|x64
		{B299AB24-6CDD-3129-8664-AF5E82A60CED}.Release|x86.ActiveCfg = Release|Win32
		{B299AB24-6CDD-3129-8664-AF5E82A60CED}.Release|x86.Build.0 = Release|Win32
		{B299AB24-6CDD-3129-8664-AF5E82A60CED}.RelWithDebInfo|Win32.ActiveCfg = RelWithDebInfo|Win32
		{B299AB24-6CDD-3129-8664-AF5E82A60CED}.RelWithDebInfo|Win32.Build.0 = RelWithDebInfo|Win32
		{B299AB24-6CDD-3129-8664-AF5E82A60CED}.RelWithDebInfo|x64.ActiveCfg = RelWithDebInfo|x64
		{B299AB24-6CDD-3129-8664-AF5E82A60CED}.RelWithDebInfo|x64.Build.0 = RelWithDebInfo|x64
		{B299AB24-6CDD-3129-8664-AF5E82A60CED}.RelWithDebInfo|x86.ActiveCfg = RelWithDebInfo|Win32
		{B299AB24-6CDD-3129-8664-AF5E82A60CED}.RelWithDebInfo|x86.Build.0 = RelWithDebInfo|Win32
		{25707FC7-D219-35E6-8BB2-F7ED3B394FAA}.Debug|Win32.ActiveCfg = Debug|Win32
		{25707FC7-D219-35E6-8BB2-F7ED3B394FAA}.Debug|Win32.Build.0 = Debug|Win32
		{25707FC7-D219-35E6-8BB2-F7ED3B394FAA}.Debug|x64.ActiveCfg = Debug|x64
		{25707FC7-D219-35E6-8BB2-F7ED3B394FAA}.Debug|x64.Build.0 = Debug|x64
		{25707FC7-D219-35E6-8BB2-F7ED3B394FAA}.Debug|x86.ActiveCfg = Debug|Win32
		{25707FC7-D219-35E6-8BB2-F7ED3B394FAA}.Debug|x86.Build.0 = Debug|Win32
		{25707FC7-D219-35E6-8BB2-F7ED3B394FAA}.MinSizeRel|Win32.ActiveCfg = MinSizeRel|Win32
		{25707FC7-D219-35E6-8BB2-F7ED3B394FAA}.MinSizeRel|Win32.Build.0 = MinSizeRel|Win32
		{25707FC7-D219-35E6-8BB2-F7ED3B394FAA}.MinSizeRel|x64.ActiveCfg = MinSizeRel|x64
		{25707FC7-D219-35E6-8BB2-F7ED3B394FAA}.MinSizeRel|x64.Build.0 = MinSizeRel|x64
		{25707FC7-D219-35E6-8BB2-F7ED3B394FAA}.MinSizeRel|x86.ActiveCfg = MinSizeRel|Win32
		{25707FC7-D219-35E6-8BB2-F7ED3B394FAA}.MinSizeRel|x86.Build.0 = MinSizeRel|Win32
		{25707FC7-D219-35E6-8BB2-F7ED3B394FAA}.Release|Win32.ActiveCfg = Release|Win32
		{25707FC7-D219-35E6-8BB2-F7ED3B394FAA}.Release|Win32.Build.0 = Release|Win32
		{25707FC7-D219-35E6-8BB2-F7ED3B394FAA}.Release|x64.ActiveCfg = Release|x64
		{25707FC7-D219-35E6-8BB2-F7ED3B394FAA}.Release|x64.Build.0 = Release|x64
		{25707FC7-D219-35E6-8BB2-F7ED3B394FAA}.Release|x86.ActiveCfg = Release|Win32
		{25707FC7-D219-35E6-8BB2-F7ED3B394FAA}.Release|x86.Build.0 = Release|Win32
		{25707FC7-D219-35E6-8BB2-F7ED3B394FAA}.RelWithDebInfo|Win32.ActiveCfg = RelWithDebInfo|Win32
		{25707FC7-D219-35E6-8BB2-F7ED3B394FAA}.RelWithDebInfo|Win32.Build.0 = RelWithDebInfo|Win32
		{25707FC7-D219-35E6-8BB2-F7ED3B394FAA}.RelWithDebInfo|x64.ActiveCfg = RelWithDebInfo|x64
		{25707FC7-D219-35E6-8BB2-F7ED3B394FAA}.RelWithDebInfo|x64.Build.0 = RelWithDebInfo|x64
		{25707FC7-D219-35E6-8BB2-F7ED3B394FAA}.RelWithDebInfo|x86.ActiveCfg = RelWithDebInfo|Win32
		{25707FC7-D219-35E6-8BB2-F7ED3B394FAA}.RelWithDebInfo|x86.Build.0 = RelWithDebInfo|Win32
		{1FC9E14D-148C-3BD5-8274-D495AD921E9A}.Debug|Win32.ActiveCfg = Debug|Win32
		{1FC9E14D-148C-3BD5-8274-D495AD921E9A}.Debug|Win32.Build.0 = Debug|Win32
		{1FC9E14D-148C-3BD5-8274-D495AD921E9A}.Debug|x64.ActiveCfg = Debug|x64
		{1FC9E14D-148C-3BD5-8274-D495AD921E9A}.Debug|x64.Build.0 = Debug|x64
		{1FC9E14D-148C-3BD5-8274-D495AD921E9A}.Debug|x86.ActiveCfg = Debug|Win32
		{1FC9E14D-148C-3BD5-8274-D495AD921E9A}.Debug|x86.Build.0 = Debug|Win32
		{1FC9E14D-148C-3BD5-8274-D495AD921E9A}.MinSizeRel|Win32.ActiveCfg = MinSizeRel|Win32
		{1FC9E14D-148C-3BD5-8274-D495AD921E9A}.MinSizeRel|Win32.Build.0 = MinSizeRel|Win32
		{1FC9E14D-148C-3BD5-8274-D495AD921E9A}.MinSizeRel|x64.ActiveCfg = MinSizeRel|x64
		{1FC9E14D-148C-3BD5-8274-D495AD921E9A}.MinSizeRel|x64.Build.0 = MinSizeRel|x64
		{1FC9E14D-148C-3BD5-8274-D495AD921E9A}.MinSizeRel|x86.ActiveCfg = MinSizeRel|Win32
		{1FC9E14D-148C-3BD5-8274-D495AD921E9A}.MinSizeRel|x86.Build.0 = MinSizeRel|Win32
		{1FC9E14D-148C-3BD5-8274-D495AD921E9A}.Release|Win32.ActiveCfg = Release|Win32
		{1FC9E14D-148C-3BD5-8274-D495AD921E9A}.Release|Win32.Build.0 = Release|Win32
		{1FC9E14D-148C-3BD5-8274-D495AD921E9A}.Release|x64.ActiveCfg = Release|x64
		{1FC9E14D-148C-3BD5-8274-D495AD921E9A}.Release|x64.Build.0 = Release|x64
		{1FC9E14D-148C-3BD5-8274-D495AD921E9A}.Release|x86.ActiveCfg = Release|Win32
		{1FC9E14D-148C-3BD5-8274-D495AD921E9A}.Release|x86.Build.0 = Release|Win32
		{1FC9E14D-148C-3BD5-8274-D495AD921E9A}.RelWithDebInfo|Win32.ActiveCfg = RelWithDebInfo|Win32
		{1FC9E14D-148C-3BD5-8274-D495AD921E9A}.RelWithDebInfo|Win32.Build.0 = RelWithDebInfo|Win32
		{1FC9E14D-148C-3BD5-8274-D495AD921E9A}.RelWithDebInfo|x64.ActiveCfg = RelWithDebInfo|x64
		{1FC9E14D-148C-3BD5-8274-D495AD921E9A}.RelWithDebInfo|x64.Build.0 = RelWithDebInfo|x64
		{1FC9E14D-148C-3BD5-8274-D495AD921E9A}.RelWithDebInfo|x86.ActiveCfg = RelWithDebInfo|Win32
		{1FC9E14D-148C-3BD5-8274-D495AD921E9A}.RelWithDebInfo|x86.Build.0 = RelWithDebInfo|Win32
		{0135E2D4-1F0D-3818-95CB-F0EF0D106296}.Debug|Win32.ActiveCfg = Debug|Win32
		{0135E2D4-1F0D-3818-95CB-F0EF0D106296}.Debug|Win32.Build.0 = Debug|Win32
		{0135E2D4-1F0D-3818-95CB-F0EF0D106296}.Debug|x64.ActiveCfg = Debug|x64
		{0135E2D4-1F0D-3818-95CB-F0EF0D106296}.Debug|x64.Build.0 = Debug|x64
		{0135E2D4-1F0D-3818-95CB-F0EF0D106296}.Debug|x86.ActiveCfg = Debug|Win32
		{0135E2D4-1F0D-3818-95CB-F0EF0D106296}.Debug|x86.Build.0 = Debug|Win32
		{0135E2D4-1F0D-3818-95CB-F0EF0D106296}.MinSizeRel|Win32.ActiveCfg = MinSizeRel|Win32
		{0135E2D4-1F0D-3818-95CB-F0EF0D106296}.MinSizeRel|Win32.Build.0 = MinSizeRel|Win32
		{0135E2D4-1F0D-3818-95CB-F0EF0D106296}.MinSizeRel|x64.ActiveCfg = MinSizeRel|x64
		{0135E2D4-1F0D-3818-95CB-F0EF0D106296}.MinSizeRel|x64.Build.0 = MinSizeRel|x64
		{0135E2D4-1F0D-3818-95CB-F0EF0D106296}.MinSizeRel|x86.ActiveCfg = MinSizeRel|Win32
		{0135E2D4-1F0D-3818-95CB-F0EF0D106296}.MinSizeRel|x86.Build.0 = MinSizeRel|Win32
		{0135E2D4-1F0D-3818-95CB-F0EF0D106296}.Release|Win32.ActiveCfg = Release|Win32
		{0135E2D4-1F0D-3818-95CB-F0EF0D106296}.Release|Win32.Build.0 = Release|Win32
		{0135E2D4-1F0D-3818-95CB-F0EF0D106296}.Release|x64.ActiveCfg = Release|x64
		{0135E2D4-1F0D-3818-95CB-F0EF0D106296}.Release|x64.Build.0 = Release|x64
		{0135E2D4-1F0D-3818-95CB-F0EF0D106296}.Release|x86.ActiveCfg = Release|Win32
		{0135E2D4-1F0D-3818-95CB-F0EF0D106296}.Release|x86.Build.0 = Release|Win32
		{0135E2D4-1F0D-3818-95CB-F0EF0D106296}.RelWithDebInfo|Win32.ActiveCfg = RelWithDebInfo|Win32
		{0135E2D4-1F0D-3818-95CB-F0EF0D106296}.RelWithDebInfo|Win32.Build.0 = RelWithDebInfo|Win32
		{0135E2D4-1F0D-3818-95CB-F0EF0D106296}.RelWithDebInfo|x64.ActiveCfg = RelWithDebInfo|x64
		{0135E2D4-1F0D-3818-95CB-F0EF0D106296}.RelWithDebInfo|x64.Build.0 = RelWithDebInfo|x64
		{0135E2D4-1F0D-3818-95CB-F0EF0D106296}.RelWithDebInfo|x86.ActiveCfg = RelWithDebInfo|Win32
		{0135E2D4-1F0D-3818-95CB-F0EF0D106296}.RelWithDebInfo|x86.Build.0 = RelWithDebInfo|Win32
		{FE4FE283-E54C-3FF8-A3F9-51FD9C3A0111}.Debug|Win32.ActiveCfg = Debug|Win32
		{FE4FE283-E54C-3FF8-A3F9-51FD9C3A0111}.Debug|Win32.Build.0 = Debug|Win32
		{FE4FE283-E54C-3FF8-A3F9-51FD9C3A0111}.Debug|x64.ActiveCfg = Debug|x64
		{FE4FE283-E54C-3FF8-A3F9-51FD9C3A0111}.Debug|x64.Build.0 = Debug|x64
		{FE4FE283-E54C-3FF8-A3F9-51FD9C3A0111}.Debug|x86.ActiveCfg = Debug|Win32
		{FE4FE283-E54C-3FF8-A3F9-51FD9C3A0111}.Debug|x86.Build.0 = Debug|Win32
		{FE4FE283-E54C-3FF8-A3F9-51FD9C3A0111}.MinSizeRel|Win32.ActiveCfg = MinSizeRel|Win32
		{FE4FE283-E54C-3FF8-A3F9-51FD9C3A0111}.MinSizeRel|Win32.Build.0 = MinSizeRel|Win32
		{FE4FE283-E54C-3FF8-A3F9-51FD9C3A0111}.MinSizeRel|x64.ActiveCfg = MinSizeRel|x64
		{FE4FE283-E54C-3FF8-A3F9-51FD9C3A0111}.MinSizeRel|x64.Build.0 = MinSizeRel|x64
		{FE4FE283-E54C-3FF8-A3F9-51FD9C3A0111}.MinSizeRel|x86.ActiveCfg = MinSizeRel|Win32
		{FE4FE283-E54C-3FF8-A3F9-51FD9C3A0111}.MinSizeRel|x86.Build.0 = MinSizeRel|Win32
		{FE4FE283-E54C-3FF8-A3F9-51FD9C3A0111}.Release|Win32.ActiveCfg = Release|Win32
		{FE4FE283-E54C-3FF8-A3F9-51FD9C3A0111}.Release|Win32.Build.0 = Release|Win32
		{FE4FE283-E54C-3FF8-A3F9-51FD9C3A0111}.Release|x64.ActiveCfg = Release|x64
		{FE4FE283-E54C-3FF8-A3F9-51FD9C3A0111}.Release|x64.Build.0 = Release|x64
		{FE4FE283-E54C-3FF8-A3F9-51FD9C3A0111}.Release|x86.ActiveCfg = Release|Win32
		{FE4FE283-E54C-3FF8-A3F9-51FD9C3A0111}.Release|x86.Build.0 = Release|Win32
		{FE4FE283-E54C-3FF8-A3F9-51FD9C3A0111}.RelWithDebInfo|Win32.ActiveCfg = RelWithDebInfo|Win32
		{FE4FE283-E54C-3FF8-A3F9-51FD9C3A0111}.RelWithDebInfo|Win32.Build.0 = RelWithDebInfo|Win32
		{FE4FE283-E54C-3FF8-A3F9-51FD9C3A0111}.RelWithDebInfo|x64.ActiveCfg = RelWithDebInfo|x64
		{FE4FE283-E54C-3FF8-A3F9-51FD9C3A0111}.RelWithDebInfo|x64.Build.0 = RelWithDebInfo|x64
		{FE4FE283-E54C-3FF8-A3F9-51FD9C3A0111}.RelWithDebInfo|x86.ActiveCfg = RelWithDebInfo|Win32
		{FE4FE283-E54C-3FF8-A3F9-51FD9C3A0111}.RelWithDebInfo|x86.Build.0 = RelWithDebInfo|Win32
		{5BCBC558-F9A6-3E1B-A3D2-70E3319E3615}.Debug|Win32.ActiveCfg = Debug|Win32
		{5BCBC558-F9A6-3E1B-A3D2-70E3319E3615}.Debug|Win32.Build.0 = Debug|Win32
		{5BCBC558-F9A6-3E1B-A3D2-70E3319E3615}.Debug|x64.ActiveCfg = Debug|x64
		{5BCBC558-F9A6-3E1B-A3D2-70E3319E3615}.Debug|x64.Build.0 = Debug|x64
		{5BCBC558-F9A6-3E1B-A3D2-70E3319E3615}.Debug|x86.ActiveCfg = Debug|Win32
		{5BCBC558-F9A6-3E1B-A3D2-70E3319E3615}.Debug|x86.Build.0 = Debug|Win32
		{5BCBC558-F9A6-3E1B-A3D2-70E3319E3615}.MinSizeRel|Win32.ActiveCfg = MinSizeRel|Win32
		{5BCBC558-F9A6-3E1B-A3D2-70E3319E3615}.MinSizeRel|Win32.Build.0 = MinSizeRel|Win32
		{5BCBC558-F9A6-3E1B-A3D2-70E3319E3615}.MinSizeRel|x64.ActiveCfg = MinSizeRel|x64
		{5BCBC558-F9A6-3E1B-A3D2-70E3319E3615}.MinSizeRel|x64.Build.0 = MinSizeRel|x64
		{5BCBC558-F9A6-3E1B-A3D2-70E3319E3615}.MinSizeRel|x86.ActiveCfg = MinSizeRel|Win32
		{5BCBC558-F9A6-3E1B-A3D2-70E3319E3615}.MinSizeRel|x86.Build.0 = MinSizeRel|Win32
		{5BCBC558-F9A6-3E1B-A3D2-70E3319E3615}.Release|Win32.ActiveCfg = Release|Win32
		{5BCBC558-F9A6-3E1B-A3D2-70E3319E3615}.Release|Win32.Build.0 = Release|Win32
		{5BCBC558-F9A6-3E1B-A3D2-70E3319E3615}.Release|x64.ActiveCfg = Release|x64
		{5BCBC558-F9A6-3E1B-A3D2-70E3319E3615}.Release|x64.Build.0 = Release|x64
		{5BCBC558-F9A6-3E1B-A3D2-70E3319E3615}.Release|x86.ActiveCfg = Release|Win32
		{5BCBC558-F9A6-3E1B-A3D2-70E3319E3615}.Release|x86.Build.0 = Release|Win32
		{5BCBC558-F9A6-3E1B-A3D2-70E3319E3615}.RelWithDebInfo|Win32.ActiveCfg = RelWithDebInfo|Win32
		{5BCBC558-F9A6-3E1B-A3D2-70E3319E3615}.RelWithDebInfo|Win32.Build.0 = RelWithDebInfo|Win32
		{5BCBC558-F9A6-3E1B-A3D2-70E3319E3615}.RelWithDebInfo|x64.ActiveCfg = RelWithDebInfo|x64
		{5BCBC558-F9A6-3E1B-A3D2-70E3319E3615}.RelWithDebInfo|x64.Build.0 = RelWithDebInfo|x64
		{5BCBC558-F9A6-3E1B-A3D2-70E3319E3615}.RelWithDebInfo|x86.ActiveCfg = RelWithDebInfo|Win32
		{5BCBC558-F9A6-3E1B-A3D2-70E3319E3615}.RelWithDebInfo|x86.Build.0 = RelWithDebInfo|Win32
		{F31D0B60-93A1-3C47-A5B0-4A765E143D3C}.Debug|Win32.ActiveCfg = Debug|Win32
		{F31D0B60-93A1-3C47-A5B0-4A765E143D3C}.Debug|Win32.Build.0 = Debug|Win32
		{F31D0B60-93A1-3C47-A5B0-4A765E143D3C}.Debug|x64.ActiveCfg = Debug|x64
		{F31D0B60-93A1-3C47-A5B0-4A765E143D3C}.Debug|x64.Build.0 = Debug|x64
		{F31D0B60-93A1-3C47-A5B0-4A765E143D3C}.Debug|x86.ActiveCfg = Debug|Win32
		{F31D0B60-93A1-3C47-A5B0-4A765E143D3C}.Debug|x86.Build.0 = Debug|Win32
		{F31D0B60-93A1-3C47-A5B0-4A765E143D3C}.MinSizeRel|Win32.ActiveCfg = MinSizeRel|Win32
		{F31D0B60-93A1-3C47-A5B0-4A765E143D3C}.MinSizeRel|Win32.Build.0 = MinSizeRel|Win32
		{F31D0B60-93A1-3C47-A5B0-4A765E143D3C}.MinSizeRel|x64.ActiveCfg = MinSizeRel|x64
		{F31D0B60-93A1-3C47-A5B0-4A765E143D3C}.MinSizeRel|x64.Build.0 = MinSizeRel|x64
		{F31D0B60-93A1-3C47-A5B0-4A765E143D3C}.MinSizeRel|x86.ActiveCfg = MinSizeRel|Win32
		{F31D0B60-93A1-3C47-A5B0-4A765E143D3C}.MinSizeRel|x86.Build.0 = MinSizeRel|Win32
		{F31D0B60-93A1-3C47-A5B0-4A765E143D3C}.Release|Win32.ActiveCfg = Release|Win32
		{F31D0B60-93A1-3C47-A5B0-4A765E143D3C}.Release|Win32.Build.0 = Release|Win32
		{F31D0B60-93A1-3C47-A5B0-4A765E143D3C}.Release|x64.ActiveCfg = Release|x64
		{F31D0B60-93A1-3C47-A5B0-4A765E143D3C}.Release|x64.Build.0 = Release|x64
		{F31D0B60-93A1-3C47-A5B0-4A765E143D3C}.Release|x86.ActiveCfg = Release|Win32
		{F31D0B60-93A1-3C47-A5B0-4A765E143D3C}.Release|x86.Build.0 = Release|Win32
		{F31D0B60-93A1-3C47-A5B0-4A765E143D3C}.RelWithDebInfo|Win32.ActiveCfg = RelWithDebInfo|Win32
		{F31D0B60-93A1-3C47-A5B0-4A765E143D3C}.RelWithDebInfo|Win32.Build.0 = RelWithDebInfo|Win32
		{F31D0B60-93A1-3C47-A5B0-4A765E143D3C}.RelWithDebInfo|x64.ActiveCfg = RelWithDebInfo|x64
		{F31D0B60-93A1-3C47-A5B0-4A765E143D3C}.RelWithDebInfo|x64.Build.0 = RelWithDebInfo|x64
		{F31D0B60-93A1-3C47-A5B0-4A765E143D3C}.RelWithDebInfo|x86.ActiveCfg = RelWithDebInfo|Win32
		{F31D0B60-93A1-3C47-A5B0-4A765E143D3C}.RelWithDebInfo|x86.Build.0 = RelWithDebInfo|Win32
		{EA24AAC7-BFDD-3ED8-AE5F-52EA84684B4C}.Debug|Win32.ActiveCfg = Debug|Win32
		{EA24AAC7-BFDD-3ED8-AE5F-52EA84684B4C}.Debug|Win32.Build.0 = Debug|Win32
		{EA24AAC7-BFDD-3ED8-AE5F-52EA84684B4C}.Debug|x64.ActiveCfg = Debug|x64
		{EA24AAC7-BFDD-3ED8-AE5F-52EA84684B4C}.Debug|x64.Build.0 = Debug|x64
		{EA24AAC7-BFDD-3ED8-AE5F-52EA84684B4C}.Debug|x86.ActiveCfg = Debug|Win32
		{EA24AAC7-BFDD-3ED8-AE5F-52EA84684B4C}.Debug|x86.Build.0 = Debug|Win32
		{EA24AAC7-BFDD-3ED8-AE5F-52EA84684B4C}.MinSizeRel|Win32.ActiveCfg = MinSizeRel|Win32
		{EA24AAC7-BFDD-3ED8-AE5F-52EA84684B4C}.MinSizeRel|Win32.Build.0 = MinSizeRel|Win32
		{EA24AAC7-BFDD-3ED8-AE5F-52EA84684B4C}.MinSizeRel|x64.ActiveCfg = MinSizeRel|x64
		{EA24AAC7-BFDD-3ED8-AE5F-52EA84684B4C}.MinSizeRel|x64.Build.0 = MinSizeRel|x64
		{EA24AAC7-BFDD-3ED8-AE5F-52EA84684B4C}.MinSizeRel|x86.ActiveCfg = MinSizeRel|Win32
		{EA24AAC7-BFDD-3ED8-AE5F-52EA84684B4C}.MinSizeRel|x86.Build.0 = MinSizeRel|Win32
		{EA24AAC7-BFDD-3ED8-AE5F-52EA84684B4C}.Release|Win32.ActiveCfg = Release|Win32
		{EA24AAC7-BFDD-3ED8-AE5F-52EA84684B4C}.Release|Win32.Build.0 = Release|Win32
		{EA24AAC7-BFDD-3ED8-AE5F-52EA84684B4C}.Release|x64.ActiveCfg = Release|x64
		{EA24AAC7-BFDD-3ED8-AE5F-52EA84684B4C}.Release|x64.Build.0 = Release|x64
		{EA24AAC7-BFDD-3ED8-AE5F-52EA84684B4C}.Release|x86.ActiveCfg = Release|Win32
		{EA24AAC7-BFDD-3ED8-AE5F-52EA84684B4C}.Release|x86.Build.0 = Release|Win32
		{EA24AAC7-BFDD-3ED8-AE5F-52EA84684B4C}.RelWithDebInfo|Win32.ActiveCfg = RelWithDebInfo|Win32
		{EA24AAC7-BFDD-3ED8-AE5F-52EA84684B4C}.RelWithDebInfo|Win32.Build.0 = RelWithDebInfo|Win32
		{EA24AAC7-BFDD-3ED8-AE5F-52EA84684B4C}.RelWithDebInfo|x64.ActiveCfg = RelWithDebInfo|x64
		{EA24AAC7-BFDD-3ED8-AE5F-52EA84684B4C}.RelWithDebInfo|x64.Build.0 = RelWithDebInfo|x64
		{EA24AAC7-BFDD-3ED8-AE5F-52EA84684B4C}.RelWithDebInfo|x86.ActiveCfg = RelWithDebInfo|Win32
		{EA24AAC7-BFDD-3ED8-AE5F-52EA84684B4C}.RelWithDebInfo|x86.Build.0 = RelWithDebInfo|Win32
		{CAA8195A-1214-3DA5-AEC5-EE8112D860E2}.Debug|Win32.ActiveCfg = Debug|Win32
		{CAA8195A-1214-3DA5-AEC5-EE8112D860E2}.Debug|Win32.Build.0 = Debug|Win32
		{CAA8195A-1214-3DA5-AEC5-EE8112D860E2}.Debug|x64.ActiveCfg = Debug|x64
		{CAA8195A-1214-3DA5-AEC5-EE8112D860E2}.Debug|x64.Build.0 = Debug|x64
		{CAA8195A-1214-3DA5-AEC5-EE8112D860E2}.Debug|x86.ActiveCfg = Debug|Win32
		{CAA8195A-1214-3DA5-AEC5-EE8112D860E2}.Debug|x86.Build.0 = Debug|Win32
		{CAA8195A-1214-3DA5-AEC5-EE8112D860E2}.MinSizeRel|Win32.ActiveCfg = MinSizeRel|Win32
		{CAA8195A-1214-3DA5-AEC5-EE8112D860E2}.MinSizeRel|Win32.Build.0 = MinSizeRel|Win32
		{CAA8195A-1214-3DA5-AEC5-EE8112D860E2}.MinSizeRel|x64.ActiveCfg = MinSizeRel|x64
		{CAA8195A-1214-3DA5-AEC5-EE8112D860E2}.MinSizeRel|x64.Build.0 = MinSizeRel|x64
		{CAA8195A-1214-3DA5-AEC5-EE8112D860E2}.MinSizeRel|x86.ActiveCfg = MinSizeRel|Win32
		{CAA8195A-1214-3DA5-AEC5-EE8112D860E2}.MinSizeRel|x86.Build.0 = MinSizeRel|Win32
		{CAA8195A-1214-3DA5-AEC5-EE8112D860E2}.Release|Win32.ActiveCfg = Release|Win32
		{CAA8195A-1214-3DA5-AEC5-EE8112D860E2}.Release|Win32.Build.0 = Release|Win32
		{CAA8195A-1214-3DA5-AEC5-EE8112D860E2}.Release|x64.ActiveCfg = Release|x64
		{CAA8195A-1214-3DA5-AEC5-EE8112D860E2}.Release|x64.Build.0 = Release|x64
		{CAA8195A-1214-3DA5-AEC5-EE8112D860E2}.Release|x86.ActiveCfg = Release|Win32
		{CAA8195A-1214-3DA5-AEC5-EE8112D860E2}.Release|x86.Build.0 = Release|Win32
		{CAA8195A-1214-3DA5-AEC5-EE8112D860E2}.RelWithDebInfo|Win32.ActiveCfg = RelWithDebInfo|Win32
		{CAA8195A-1214-3DA5-AEC5-EE8112D860E2}.RelWithDebInfo|Win32.Build.0 = RelWithDebInfo|Win32
		{CAA8195A-1214-3DA5-AEC5-EE8112D860E2}.RelWithDebInfo|x64.ActiveCfg = RelWithDebInfo|x64
		{CAA8195A-1214-3DA5-AEC5-EE8112D860E2}.RelWithDebInfo|x64.Build.0 = RelWithDebInfo|x64
		{CAA8195A-1214-3DA5-AEC5-EE8112D860E2}.RelWithDebInfo|x86.ActiveCfg = RelWithDebInfo|Win32
		{CAA8195A-1214-3DA5-AEC5-EE8112D860E2}.RelWithDebInfo|x86.Build.0 = RelWithDebInfo|Win32
		{4B3C849B-5FB5-3786-AF6F-86CC08D3E37A}.Debug|Win32.ActiveCfg = Debug|Win32
		{4B3C849B-5FB5-3786-AF6F-86CC08D3E37A}.Debug|Win32.Build.0 = Debug|Win32
		{4B3C849B-5FB5-3786-AF6F-86CC08D3E37A}.Debug|x64.ActiveCfg = Debug|x64
		{4B3C849B-5FB5-3786-AF6F-86CC08D3E37A}.Debug|x64.Build.0 = Debug|x64
		{4B3C849B-5FB5-3786-AF6F-86CC08D3E37A}.Debug|x86.ActiveCfg = Debug|Win32
		{4B3C849B-5FB5-3786-AF6F-86CC08D3E37A}.Debug|x86.Build.0 = Debug|Win32
		{4B3C849B-5FB5-3786-AF6F-86CC08D3E37A}.MinSizeRel|Win32.ActiveCfg = MinSizeRel|Win32
		{4B3C849B-5FB5-3786-AF6F-86CC08D3E37A}.MinSizeRel|Win32.Build.0 = MinSizeRel|Win32
		{4B3C849B-5FB5-3786-AF6F-86CC08D3E37A}.MinSizeRel|x64.ActiveCfg = MinSizeRel|x64
		{4B3C849B-5FB5-3786-AF6F-86CC08D3E37A}.MinSizeRel|x64.Build.0 = MinSizeRel|x64
		{4B3C849B-5FB5-3786-AF6F-86CC08D3E37A}.MinSizeRel|x86.ActiveCfg = MinSizeRel|Win32
		{4B3C849B-5FB5-3786-AF6F-86CC08D3E37A}.MinSizeRel|x86.Build.0 = MinSizeRel|Win32
		{4B3C849B-5FB5-3786-AF6F-86CC08D3E37A}.Release|Win32.ActiveCfg = Release|Win32
		{4B3C849B-5FB5-3786-AF6F-86CC08D3E37A}.Release|Win32.Build.0 = Release|Win32
		{4B3C849B-5FB5-3786-AF6F-86CC08D3E37A}.Release|x64.ActiveCfg = Release|x64
		{4B3C849B-5FB5-3786-AF6F-86CC08D3E37A}.Release|x64.Build.0 = Release|x64
		{4B3C849B-5FB5-3786-AF6F-86CC08D3E37A}.Release|x86.ActiveCfg = Release|Win32
		{4B3C849B-5FB5-3786-AF6F-86CC08D3E37A}.Release|x86.Build.0 = Release|Win32
		{4B3C849B-5FB5-3786-AF6F-86CC08D3E37A}.RelWithDebInfo|Win32.ActiveCfg = RelWithDebInfo|Win32
		{4B3C849B-5FB5-3786-AF6F-86CC08D3E37A}.RelWithDebInfo|Win32.Build.0 = RelWithDebInfo|Win32
		{4B3C849B-5FB5-3786-AF6F-86CC08D3E37A}.RelWithDebInfo|x64.ActiveCfg = RelWithDebInfo|x64
		{4B3C849B-5FB5-3786-AF6F-86CC08D3E37A}.RelWithDebInfo|x64.Build.0 = RelWithDebInfo|x64
		{4B3C849B-5FB5-3786-AF6F-86CC08D3E37A}.RelWithDebInfo|x86.ActiveCfg = RelWithDebInfo|Win32
		{4B3C849B-5FB5-3786-AF6F-86CC08D3E37A}.RelWithDebInfo|x86.Build.0 = RelWithDebInfo|Win32
		{6941FCD3-F2B7-3FC2-B3AD-273ECAA9B0B2}.Debug|Win32.ActiveCfg = Debug|Win32
		{6941FCD3-F2B7-3FC2-B3AD-273ECAA9B0B2}.Debug|Win32.Build.0 = Debug|Win32
		{6941FCD3-F2B7-3FC2-B3AD-273ECAA9B0B2}.Debug|x64.ActiveCfg = Debug|x64
		{6941FCD3-F2B7-3FC2-B3AD-273ECAA9B0B2}.Debug|x64.Build.0 = Debug|x64
		{6941FCD3-F2B7-3FC2-B3AD-273ECAA9B0B2}.Debug|x86.ActiveCfg = Debug|Win32
		{6941FCD3-F2B7-3FC2-B3AD-273ECAA9B0B2}.Debug|x86.Build.0 = Debug|Win32
		{6941FCD3-F2B7-3FC2-B3AD-273ECAA9B0B2}.MinSizeRel|Win32.ActiveCfg = MinSizeRel|Win32
		{6941FCD3-F2B7-3FC2-B3AD-273ECAA9B0B2}.MinSizeRel|Win32.Build.0 = MinSizeRel|Win32
		{6941FCD3-F2B7-3FC2-B3AD-273ECAA9B0B2}.MinSizeRel|x64.ActiveCfg = MinSizeRel|x64
		{6941FCD3-F2B7-3FC2-B3AD-273ECAA9B0B2}.MinSizeRel|x64.Build.0 = MinSizeRel|x64
		{6941FCD3-F2B7-3FC2-B3AD-273ECAA9B0B2}.MinSizeRel|x86.ActiveCfg = MinSizeRel|Win32
		{6941FCD3-F2B7-3FC2-B3AD-273ECAA9B0B2}.MinSizeRel|x86.Build.0 = MinSizeRel|Win32
		{6941FCD3-F2B7-3FC2-B3AD-273ECAA9B0B2}.Release|Win32.ActiveCfg = Release|Win32
		{6941FCD3-F2B7-3FC2-B3AD-273ECAA9B0B2}.Release|Win32.Build.0 = Release|Win32
		{6941FCD3-F2B7-3FC2-B3AD-273ECAA9B0B2}.Release|x64.ActiveCfg = Release|x64
		{6941FCD3-F2B7-3FC2-B3AD-273ECAA9B0B2}.Release|x64.Build.0 = Release|x64
		{6941FCD3-F2B7-3FC2-B3AD-273ECAA9B0B2}.Release|x86.ActiveCfg = Release|Win32
		{6941FCD3-F2B7-3FC2-B3AD-273ECAA9B0B2}.Release|x86.Build.0 = Release|Win32
		{6941FCD3-F2B7-3FC2-B3AD-273ECAA9B0B2}.RelWithDebInfo|Win32.ActiveCfg = RelWithDebInfo|Win32
		{6941FCD3-F2B7-3FC2-B3AD-273ECAA9B0B2}.RelWithDebInfo|Win32.Build.0 = RelWithDebInfo|Win32
		{6941FCD3-F2B7-3FC2-B3AD-273ECAA9B0B2}.RelWithDebInfo|x64.ActiveCfg = RelWithDebInfo|x64
		{6941FCD3-F2B7-3FC2-B3AD-273ECAA9B0B2}.RelWithDebInfo|x64.Build.0 = RelWithDebInfo|x64
		{6941FCD3-F2B7-3FC2-B3AD-273ECAA9B0B2}.RelWithDebInfo|x86.ActiveCfg = RelWithDebInfo|Win32
		{6941FCD3-F2B7-3FC2-B3AD-273ECAA9B0B2}.RelWithDebInfo|x86.Build.0 = RelWithDebInfo|Win32
		{F68D7F81-B744-37E1-A68B-32CA214AC989}.Debug|Win32.ActiveCfg = Debug|Win32
		{F68D7F81-B744-37E1-A68B-32CA214AC989}.Debug|Win32.Build.0 = Debug|Win32
		{F68D7F81-B744-37E1-A68B-32CA214AC989}.Debug|x64.ActiveCfg = Debug|x64
		{F68D7F81-B744-37E1-A68B-32CA214AC989}.Debug|x64.Build.0 = Debug|x64
		{F68D7F81-B744-37E1-A68B-32CA214AC989}.Debug|x86.ActiveCfg = Debug|Win32
		{F68D7F81-B744-37E1-A68B-32CA214AC989}.Debug|x86.Build.0 = Debug|Win32
		{F68D7F81-B744-37E1-A68B-32CA214AC989}.MinSizeRel|Win32.ActiveCfg = MinSizeRel|Win32
		{F68D7F81-B744-37E1-A68B-32CA214AC989}.MinSizeRel|Win32.Build.0 = MinSizeRel|Win32
		{F68D7F81-B744-37E1-A68B-32CA214AC989}.MinSizeRel|x64.ActiveCfg = MinSizeRel|x64
		{F68D7F81-B744-37E1-A68B-32CA214AC989}.MinSizeRel|x64.Build.0 = MinSizeRel|x64
		{F68D7F81-B744-37E1-A68B-32CA214AC989}.MinSizeRel|x86.ActiveCfg = MinSizeRel|Win32
		{F68D7F81-B744-37E1-A68B-32CA214AC989}.MinSizeRel|x86.Build.0 = MinSizeRel|Win32
		{F68D7F81-B744-37E1-A68B-32CA214AC989}.Release|Win32.ActiveCfg = Release|Win32
		{F68D7F81-B744-37E1-A68B-32CA214AC989}.Release|Win32.Build.0 = Release|Win32
		{F68D7F81-B744-37E1-A68B-32CA214AC989}.Release|x64.ActiveCfg = Release|x64
		{F68D7F81-B744-37E1-A68B-32CA214AC989}.Release|x64.Build.0 = Release|x64
		{F68D7F81-B744-37E1-A68B-32CA214AC989}.Release|x86.ActiveCfg = Release|Win32
		{F68D7F81-B744-37E1-A68B-32CA214AC989}.Release|x86.Build.0 = Release|Win32
		{F68D7F81-B744-37E1-A68B-32CA214AC989}.RelWithDebInfo|Win32.ActiveCfg = RelWithDebInfo|Win32
		{F68D7F81-B744-37E1-A68B-32CA214AC989}.RelWithDebInfo|Win32.Build.0 = RelWithDebInfo|Win32
		{F68D7F81-B744-37E1-A68B-32CA214AC989}.RelWithDebInfo|x64.ActiveCfg = RelWithDebInfo|x64
		{F68D7F81-B744-37E1-A68B-32CA214AC989}.RelWithDebInfo|x64.Build.0 = RelWithDebInfo|x64
		{F68D7F81-B744-37E1-A68B-32CA214AC989}.RelWithDebInfo|x86.ActiveCfg = RelWithDebInfo|Win32
		{F68D7F81-B744-37E1-A68B-32CA214AC989}.RelWithDebInfo|x86.Build.0 = RelWithDebInfo|Win32
		{CA3FC764-A9E1-3634-AB46-46879D117B19}.Debug|Win32.ActiveCfg = Debug|Win32
		{CA3FC764-A9E1-3634-AB46-46879D117B19}.Debug|Win32.Build.0 = Debug|Win32
		{CA3FC764-A9E1-3634-AB46-46879D117B19}.Debug|x64.ActiveCfg = Debug|x64
		{CA3FC764-A9E1-3634-AB46-46879D117B19}.Debug|x64.Build.0 = Debug|x64
		{CA3FC764-A9E1-3634-AB46-46879D117B19}.Debug|x86.ActiveCfg = Debug|Win32
		{CA3FC764-A9E1-3634-AB46-46879D117B19}.Debug|x86.Build.0 = Debug|Win32
		{CA3FC764-A9E1-3634-AB46-46879D117B19}.MinSizeRel|Win32.ActiveCfg = MinSizeRel|Win32
		{CA3FC764-A9E1-3634-AB46-46879D117B19}.MinSizeRel|Win32.Build.0 = MinSizeRel|Win32
		{CA3FC764-A9E1-3634-AB46-46879D117B19}.MinSizeRel|x64.ActiveCfg = MinSizeRel|x64
		{CA3FC764-A9E1-3634-AB46-46879D117B19}.MinSizeRel|x64.Build.0 = MinSizeRel|x64
		{CA3FC764-A9E1-3634-AB46-46879D117B19}.MinSizeRel|x86.ActiveCfg = MinSizeRel|Win32
		{CA3FC764-A9E1-3634-AB46-46879D117B19}.MinSizeRel|x86.Build.0 = MinSizeRel|Win32
		{CA3FC764-A9E1-3634-AB46-46879D117B19}.Release|Win32.ActiveCfg = Release|Win32
		{CA3FC764-A9E1-3634-AB46-46879D117B19}.Release|Win32.Build.0 = Release|Win32
		{CA3FC764-A9E1-3634-AB46-46879D117B19}.Release|x64.ActiveCfg = Release|x64
		{CA3FC764-A9E1-3634-AB46-46879D117B19}.Release|x64.Build.0 = Release|x64
		{CA3FC764-A9E1-3634-AB46-46879D117B19}.Release|x86.ActiveCfg = Release|Win32
		{CA3FC764-A9E1-3634-AB46-46879D117B19}.Release|x86.Build.0 = Release|Win32
		{CA3FC764-A9E1-3634-AB46-46879D117B19}.RelWithDebInfo|Win32.ActiveCfg = RelWithDebInfo|Win32
		{CA3FC764-A9E1-3634-AB46-46879D117B19}.RelWithDebInfo|Win32.Build.0 = RelWithDebInfo|Win32
		{CA3FC764-A9E1-3634-AB46-46879D117B19}.RelWithDebInfo|x64.ActiveCfg = RelWithDebInfo|x64
		{CA3FC764-A9E1-3634-AB46-46879D117B19}.RelWithDebInfo|x64.Build.0 = RelWithDebInfo|x64
		{CA3FC764-A9E1-3634-AB46-46879D117B19}.RelWithDebInfo|x86.ActiveCfg = RelWithDebInfo|Win32
		{CA3FC764-A9E1-3634-AB46-46879D117B19}.RelWithDebInfo|x86.Build.0 = RelWithDebInfo|Win32
		{6EF1D6EE-6508-3ACD-9873-867FB21B9B8B}.Debug|Win32.ActiveCfg = Debug|Win32
		{6EF1D6EE-6508-3ACD-9873-867FB21B9B8B}.Debug|Win32.Build.0 = Debug|Win32
		{6EF1D6EE-6508-3ACD-9873-867FB21B9B8B}.Debug|x64.ActiveCfg = Debug|x64
		{6EF1D6EE-6508-3ACD-9873-867FB21B9B8B}.Debug|x64.Build.0 = Debug|x64
		{6EF1D6EE-6508-3ACD-9873-867FB21B9B8B}.Debug|x86.ActiveCfg = Debug|Win32
		{6EF1D6EE-6508-3ACD-9873-867FB21B9B8B}.Debug|x86.Build.0 = Debug|Win32
		{6EF1D6EE-6508-3ACD-9873-867FB21B9B8B}.MinSizeRel|Win32.ActiveCfg = MinSizeRel|Win32
		{6EF1D6EE-6508-3ACD-9873-867FB21B9B8B}.MinSizeRel|Win32.Build.0 = MinSizeRel|Win32
		{6EF1D6EE-6508-3ACD-9873-867FB21B9B8B}.MinSizeRel|x64.ActiveCfg = MinSizeRel|x64
		{6EF1D6EE-6508-3ACD-9873-867FB21B9B8B}.MinSizeRel|x64.Build.0 = MinSizeRel|x64
		{6EF1D6EE-6508-3ACD-9873-867FB21B9B8B}.MinSizeRel|x86.ActiveCfg = MinSizeRel|Win32
		{6EF1D6EE-6508-3ACD-9873-867FB21B9B8B}.MinSizeRel|x86.Build.0 = MinSizeRel|Win32
		{6EF1D6EE-6508-3ACD-9873-867FB21B9B8B}.Release|Win32.ActiveCfg = Release|Win32
		{6EF1D6EE-6508-3ACD-9873-867FB21B9B8B}.Release|Win32.Build.0 = Release|Win32
		{6EF1D6EE-6508-3ACD-9873-867FB21B9B8B}.Release|x64.ActiveCfg = Release|x64
		{6EF1D6EE-6508-3ACD-9873-867FB21B9B8B}.Release|x64.Build.0 = Release|x64
		{6EF1D6EE-6508-3ACD-9873-867FB21B9B8B}.Release|x86.ActiveCfg = Release|Win32
		{6EF1D6EE-6508-3ACD-9873-867FB21B9B8B}.Release|x86.Build.0 = Release|Win32
		{6EF1D6EE-6508-3ACD-9873-867FB21B9B8B}.RelWithDebInfo|Win32.ActiveCfg = RelWithDebInfo|Win32
		{6EF1D6EE-6508-3ACD-9873-867FB21B9B8B}.RelWithDebInfo|Win32.Build.0 = RelWithDebInfo|Win32
		{6EF1D6EE-6508-3ACD-9873-867FB21B9B8B}.RelWithDebInfo|x64.ActiveCfg = RelWithDebInfo|x64
		{6EF1D6EE-6508-3ACD-9873-867FB21B9B8B}.RelWithDebInfo|x64.Build.0 = RelWithDebInfo|x64
		{6EF1D6EE-6508-3ACD-9873-867FB21B9B8B}.RelWithDebInfo|x86.ActiveCfg = RelWithDebInfo|Win32
		{6EF1D6EE-6508-3ACD-9873-867FB21B9B8B}.RelWithDebInfo|x86.Build.0 = RelWithDebInfo|Win32
		{15812E64-8F4E-3437-8577-39F9D244FECB}.Debug|Win32.ActiveCfg = Debug|Win32
		{15812E64-8F4E-3437-8577-39F9D244FECB}.Debug|Win32.Build.0 = Debug|Win32
		{15812E64-8F4E-3437-8577-39F9D244FECB}.Debug|x64.ActiveCfg = Debug|x64
		{15812E64-8F4E-3437-8577-39F9D244FECB}.Debug|x64.Build.0 = Debug|x64
		{15812E64-8F4E-3437-8577-39F9D244FECB}.Debug|x86.ActiveCfg = Debug|Win32
		{15812E64-8F4E-3437-8577-39F9D244FECB}.Debug|x86.Build.0 = Debug|Win32
		{15812E64-8F4E-3437-8577-39F9D244FECB}.MinSizeRel|Win32.ActiveCfg = MinSizeRel|Win32
		{15812E64-8F4E-3437-8577-39F9D244FECB}.MinSizeRel|Win32.Build.0 = MinSizeRel|Win32
		{15812E64-8F4E-3437-8577-39F9D244FECB}.MinSizeRel|x64.ActiveCfg = MinSizeRel|x64
		{15812E64-8F4E-3437-8577-39F9D244FECB}.MinSizeRel|x64.Build.0 = MinSizeRel|x64
		{15812E64-8F4E-3437-8577-39F9D244FECB}.MinSizeRel|x86.ActiveCfg = MinSizeRel|Win32
		{15812E64-8F4E-3437-8577-39F9D244FECB}.MinSizeRel|x86.Build.0 = MinSizeRel|Win32
		{15812E64-8F4E-3437-8577-39F9D244FECB}.Release|Win32.ActiveCfg = Release|Win32
		{15812E64-8F4E-3437-8577-39F9D244FECB}.Release|Win32.Build.0 = Release|Win32
		{15812E64-8F4E-3437-8577-39F9D244FECB}.Release|x64.ActiveCfg = Release|x64
		{15812E64-8F4E-3437-8577-39F9D244FECB}.Release|x64.Build.0 = Release|x64
		{15812E64-8F4E-3437-8577-39F9D244FECB}.Release|x86.ActiveCfg = Release|Win32
		{15812E64-8F4E-3437-8577-39F9D244FECB}.Release|x86.Build.0 = Release|Win32
		{15812E64-8F4E-3437-8577-39F9D244FECB}.RelWithDebInfo|Win32.ActiveCfg = RelWithDebInfo|Win32
		{15812E64-8F4E-3437-8577-39F9D244FECB}.RelWithDebInfo|Win32.Build.0 = RelWithDebInfo|Win32
		{15812E64-8F4E-3437-8577-39F9D244FECB}.RelWithDebInfo|x64.ActiveCfg = RelWithDebInfo|x64
		{15812E64-8F4E-3437-8577-39F9D244FECB}.RelWithDebInfo|x64.Build.0 = RelWithDebInfo|x64
		{15812E64-8F4E-3437-8577-39F9D244FECB}.RelWithDebInfo|x86.ActiveCfg = RelWithDebInfo|Win32
		{15812E64-8F4E-3437-8577-39F9D244FECB}.RelWithDebInfo|x86.Build.0 = RelWithDebInfo|Win32
		{3B8AE778-5ACB-3C9F-9CAE-ED4A1E41B24D}.Debug|Win32.ActiveCfg = Debug|Win32
		{3B8AE778-5ACB-3C9F-9CAE-ED4A1E41B24D}.Debug|Win32.Build.0 = Debug|Win32
		{3B8AE778-5ACB-3C9F-9CAE-ED4A1E41B24D}.Debug|x64.ActiveCfg = Debug|x64
		{3B8AE778-5ACB-3C9F-9CAE-ED4A1E41B24D}.Debug|x64.Build.0 = Debug|x64
		{3B8AE778-5ACB-3C9F-9CAE-ED4A1E41B24D}.Debug|x86.ActiveCfg = Debug|Win32
		{3B8AE778-5ACB-3C9F-9CAE-ED4A1E41B24D}.Debug|x86.Build.0 = Debug|Win32
		{3B8AE778-5ACB-3C9F-9CAE-ED4A1E41B24D}.MinSizeRel|Win32.ActiveCfg = MinSizeRel|Win32
		{3B8AE778-5ACB-3C9F-9CAE-ED4A1E41B24D}.MinSizeRel|Win32.Build.0 = MinSizeRel|Win32
		{3B8AE778-5ACB-3C9F-9CAE-ED4A1E41B24D}.MinSizeRel|x64.ActiveCfg = MinSizeRel|x64
		{3B8AE778-5ACB-3C9F-9CAE-ED4A1E41B24D}.MinSizeRel|x64.Build.0 = MinSizeRel|x64
		{3B8AE778-5ACB-3C9F-9CAE-ED4A1E41B24D}.MinSizeRel|x86.ActiveCfg = MinSizeRel|Win32
		{3B8AE778-5ACB-3C9F-9CAE-ED4A1E41B24D}.MinSizeRel|x86.Build.0 = MinSizeRel|Win32
		{3B8AE778-5ACB-3C9F-9CAE-ED4A1E41B24D}.Release|Win32.ActiveCfg = Release|Win32
		{3B8AE778-5ACB-3C9F-9CAE-ED4A1E41B24D}.Release|Win32.Build.0 = Release|Win32
		{3B8AE778-5ACB-3C9F-9CAE-ED4A1E41B24D}.Release|x64.ActiveCfg = Release|x64
		{3B8AE778-5ACB-3C9F-9CAE-ED4A1E41B24D}.Release|x64.Build.0 = Release|x64
		{3B8AE778-5ACB-3C9F-9CAE-ED4A1E41B24D}.Release|x86.ActiveCfg = Release|Win32
		{3B8AE778-5ACB-3C9F-9CAE-ED4A1E41B24D}.Release|x86.Build.0 = Release|Win32
		{3B8AE778-5ACB-3C9F-9CAE-ED4A1E41B24D}.RelWithDebInfo|Win32.ActiveCfg = RelWithDebInfo|Win32
		{3B8AE778-5ACB-3C9F-9CAE-ED4A1E41B24D}.RelWithDebInfo|Win32.Build.0 = RelWithDebInfo|Win32
		{3B8AE778-5ACB-3C9F-9CAE-ED4A1E41B24D}.RelWithDebInfo|x64.ActiveCfg = RelWithDebInfo|x64
		{3B8AE778-5ACB-3C9F-9CAE-ED4A1E41B24D}.RelWithDebInfo|x64.Build.0 = RelWithDebInfo|x64
		{3B8AE778-5ACB-3C9F-9CAE-ED4A1E41B24D}.RelWithDebInfo|x86.ActiveCfg = RelWithDebInfo|Win32
		{3B8AE778-5ACB-3C9F-9CAE-ED4A1E41B24D}.RelWithDebInfo|x86.Build.0 = RelWithDebInfo|Win32
		{C042AE73-9A82-3237-9252-0D32E0CFB543}.Debug|Win32.ActiveCfg = Debug|Win32
		{C042AE73-9A82-3237-9252-0D32E0CFB543}.Debug|Win32.Build.0 = Debug|Win32
		{C042AE73-9A82-3237-9252-0D32E0CFB543}.Debug|x64.ActiveCfg = Debug|x64
		{C042AE73-9A82-3237-9252-0D32E0CFB543}.Debug|x64.Build.0 = Debug|x64
		{C042AE73-9A82-3237-9252-0D32E0CFB543}.Debug|x86.ActiveCfg = Debug|Win32
		{C042AE73-9A82-3237-9252-0D32E0CFB543}.Debug|x86.Build.0 = Debug|Win32
		{C042AE73-9A82-3237-9252-0D32E0CFB543}.MinSizeRel|Win32.ActiveCfg = MinSizeRel|Win32
		{C042AE73-9A82-3237-9252-0D32E0CFB543}.MinSizeRel|Win32.Build.0 = MinSizeRel|Win32
		{C042AE73-9A82-3237-9252-0D32E0CFB543}.MinSizeRel|x64.ActiveCfg = MinSizeRel|x64
		{C042AE73-9A82-3237-9252-0D32E0CFB543}.MinSizeRel|x64.Build.0 = MinSizeRel|x64
		{C042AE73-9A82-3237-9252-0D32E0CFB543}.MinSizeRel|x86.ActiveCfg = MinSizeRel|Win32
		{C042AE73-9A82-3237-9252-0D32E0CFB543}.MinSizeRel|x86.Build.0 = MinSizeRel|Win32
		{C042AE73-9A82-3237-9252-0D32E0CFB543}.Release|Win32.ActiveCfg = Release|Win32
		{C042AE73-9A82-3237-9252-0D32E0CFB543}.Release|Win32.Build.0 = Release|Win32
		{C042AE73-9A82-3237-9252-0D32E0CFB543}.Release|x64.ActiveCfg = Release|x64
		{C042AE73-9A82-3237-9252-0D32E0CFB543}.Release|x64.Build.0 = Release|x64
		{C042AE73-9A82-3237-9252-0D32E0CFB543}.Release|x86.ActiveCfg = Release|Win32
		{C042AE73-9A82-3237-9252-0D32E0CFB543}.Release|x86.Build.0 = Release|Win32
		{C042AE73-9A82-3237-9252-0D32E0CFB543}.RelWithDebInfo|Win32.ActiveCfg = RelWithDebInfo|Win32
		{C042AE73-9A82-3237-9252-0D32E0CFB543}.RelWithDebInfo|Win32.Build.0 = RelWithDebInfo|Win32
		{C042AE73-9A82-3237-9252-0D32E0CFB543}.RelWithDebInfo|x64.ActiveCfg = RelWithDebInfo|x64
		{C042AE73-9A82-3237-9252-0D32E0CFB543}.RelWithDebInfo|x64.Build.0 = RelWithDebInfo|x64
		{C042AE73-9A82-3237-9252-0D32E0CFB543}.RelWithDebInfo|x86.ActiveCfg = RelWithDebInfo|Win32
		{C042AE73-9A82-3237-9252-0D32E0CFB543}.RelWithDebInfo|x86.Build.0 = RelWithDebInfo|Win32
		{DBBD1B7D-C812-3344-87D6-9F25072F21D6}.Debug|Win32.ActiveCfg = Debug|Win32
		{DBBD1B7D-C812-3344-87D6-9F25072F21D6}.Debug|Win32.Build.0 = Debug|Win32
		{DBBD1B7D-C812-3344-87D6-9F25072F21D6}.Debug|x64.ActiveCfg = Debug|x64
		{DBBD1B7D-C812-3344-87D6-9F25072F21D6}.Debug|x64.Build.0 = Debug|x64
		{DBBD1B7D-C812-3344-87D6-9F25072F21D6}.Debug|x86.ActiveCfg = Debug|Win32
		{DBBD1B7D-C812-3344-87D6-9F25072F21D6}.Debug|x86.Build.0 = Debug|Win32
		{DBBD1B7D-C812-3344-87D6-9F25072F21D6}.MinSizeRel|Win32.ActiveCfg = MinSizeRel|Win32
		{DBBD1B7D-C812-3344-87D6-9F25072F21D6}.MinSizeRel|Win32.Build.0 = MinSizeRel|Win32
		{DBBD1B7D-C812-3344-87D6-9F25072F21D6}.MinSizeRel|x64.ActiveCfg = MinSizeRel|x64
		{DBBD1B7D-C812-3344-87D6-9F25072F21D6}.MinSizeRel|x64.Build.0 = MinSizeRel|x64
		{DBBD1B7D-C812-3344-87D6-9F25072F21D6}.MinSizeRel|x86.ActiveCfg = MinSizeRel|Win32
		{DBBD1B7D-C812-3344-87D6-9F25072F21D6}.MinSizeRel|x86.Build.0 = MinSizeRel|Win32
		{DBBD1B7D-C812-3344-87D6-9F25072F21D6}.Release|Win32.ActiveCfg = Release|Win32
		{DBBD1B7D-C812-3344-87D6-9F25072F21D6}.Release|Win32.Build.0 = Release|Win32
		{DBBD1B7D-C812-3344-87D6-9F25072F21D6}.Release|x64.ActiveCfg = Release|x64
		{DBBD1B7D-C812-3344-87D6-9F25072F21D6}.Release|x64.Build.0 = Release|x64
		{DBBD1B7D-C812-3344-87D6-9F25072F21D6}.Release|x86.ActiveCfg = Release|Win32
		{DBBD1B7D-C812-3344-87D6-9F25072F21D6}.Release|x86.Build.0 = Release|Win32
		{DBBD1B7D-C812-3344-87D6-9F25072F21D6}.RelWithDebInfo|Win32.ActiveCfg = RelWithDebInfo|Win32
		{DBBD1B7D-C812-3344-87D6-9F25072F21D6}.RelWithDebInfo|Win32.Build.0 = RelWithDebInfo|Win32
		{DBBD1B7D-C812-3344-87D6-9F25072F21D6}.RelWithDebInfo|x64.ActiveCfg = RelWithDebInfo|x64
		{DBBD1B7D-C812-3344-87D6-9F25072F21D6}.RelWithDebInfo|x64.Build.0 = RelWithDebInfo|x64
		{DBBD1B7D-C812-3344-87D6-9F25072F21D6}.RelWithDebInfo|x86.ActiveCfg = RelWithDebInfo|Win32
		{DBBD1B7D-C812-3344-87D6-9F25072F21D6}.RelWithDebInfo|x86.Build.0 = RelWithDebInfo|Win32
		{E1DAC617-CA80-3EB4-8E88-AA54C22FBA7E}.Debug|Win32.ActiveCfg = Debug|Win32
		{E1DAC617-CA80-3EB4-8E88-AA54C22FBA7E}.Debug|Win32.Build.0 = Debug|Win32
		{E1DAC617-CA80-3EB4-8E88-AA54C22FBA7E}.Debug|x64.ActiveCfg = Debug|x64
		{E1DAC617-CA80-3EB4-8E88-AA54C22FBA7E}.Debug|x64.Build.0 = Debug|x64
		{E1DAC617-CA80-3EB4-8E88-AA54C22FBA7E}.Debug|x86.ActiveCfg = Debug|Win32
		{E1DAC617-CA80-3EB4-8E88-AA54C22FBA7E}.Debug|x86.Build.0 = Debug|Win32
		{E1DAC617-CA80-3EB4-8E88-AA54C22FBA7E}.MinSizeRel|Win32.ActiveCfg = MinSizeRel|Win32
		{E1DAC617-CA80-3EB4-8E88-AA54C22FBA7E}.MinSizeRel|Win32.Build.0 = MinSizeRel|Win32
		{E1DAC617-CA80-3EB4-8E88-AA54C22FBA7E}.MinSizeRel|x64.ActiveCfg = MinSizeRel|x64
		{E1DAC617-CA80-3EB4-8E88-AA54C22FBA7E}.MinSizeRel|x64.Build.0 = MinSizeRel|x64
		{E1DAC617-CA80-3EB4-8E88-AA54C22FBA7E}.MinSizeRel|x86.ActiveCfg = MinSizeRel|Win32
		{E1DAC617-CA80-3EB4-8E88-AA54C22FBA7E}.MinSizeRel|x86.Build.0 = MinSizeRel|Win32
		{E1DAC617-CA80-3EB4-8E88-AA54C22FBA7E}.Release|Win32.ActiveCfg = Release|Win32
		{E1DAC617-CA80-3EB4-8E88-AA54C22FBA7E}.Release|Win32.Build.0 = Release|Win32
		{E1DAC617-CA80-3EB4-8E88-AA54C22FBA7E}.Release|x64.ActiveCfg = Release|x64
		{E1DAC617-CA80-3EB4-8E88-AA54C22FBA7E}.Release|x64.Build.0 = Release|x64
		{E1DAC617-CA80-3EB4-8E88-AA54C22FBA7E}.Release|x86.ActiveCfg = Release|Win32
		{E1DAC617-CA80-3EB4-8E88-AA54C22FBA7E}.Release|x86.Build.0 = Release|Win32
		{E1DAC617-CA80-3EB4-8E88-AA54C22FBA7E}.RelWithDebInfo|Win32.ActiveCfg = RelWithDebInfo|Win32
		{E1DAC617-CA80-3EB4-8E88-AA54C22FBA7E}.RelWithDebInfo|Win32.Build.0 = RelWithDebInfo|Win32
		{E1DAC617-CA80-3EB4-8E88-AA54C22FBA7E}.RelWithDebInfo|x64.ActiveCfg = RelWithDebInfo|x64
		{E1DAC617-CA80-3EB4-8E88-AA54C22FBA7E}.RelWithDebInfo|x64.Build.0 = RelWithDebInfo|x64
		{E1DAC617-CA80-3EB4-8E88-AA54C22FBA7E}.RelWithDebInfo|x86.ActiveCfg = RelWithDebInfo|Win32
		{E1DAC617-CA80-3EB4-8E88-AA54C22FBA7E}.RelWithDebInfo|x86.Build.0 = RelWithDebInfo|Win32
		{5160A1A9-8278-311D-BC4C-274A46F62D16}.Debug|Win32.ActiveCfg = Debug|Win32
		{5160A1A9-8278-311D-BC4C-274A46F62D16}.Debug|Win32.Build.0 = Debug|Win32
		{5160A1A9-8278-311D-BC4C-274A46F62D16}.Debug|x64.ActiveCfg = Debug|x64
		{5160A1A9-8278-311D-BC4C-274A46F62D16}.Debug|x86.ActiveCfg = Debug|Win32
		{5160A1A9-8278-311D-BC4C-274A46F62D16}.Debug|x86.Build.0 = Debug|Win32
		{5160A1A9-8278-311D-BC4C-274A46F62D16}.MinSizeRel|Win32.ActiveCfg = MinSizeRel|Win32
		{5160A1A9-8278-311D-BC4C-274A46F62D16}.MinSizeRel|Win32.Build.0 = MinSizeRel|Win32
		{5160A1A9-8278-311D-BC4C-274A46F62D16}.MinSizeRel|x64.ActiveCfg = MinSizeRel|x64
		{5160A1A9-8278-311D-BC4C-274A46F62D16}.MinSizeRel|x86.ActiveCfg = MinSizeRel|Win32
		{5160A1A9-8278-311D-BC4C-274A46F62D16}.MinSizeRel|x86.Build.0 = MinSizeRel|Win32
		{5160A1A9-8278-311D-BC4C-274A46F62D16}.Release|Win32.ActiveCfg = Release|Win32
		{5160A1A9-8278-311D-BC4C-274A46F62D16}.Release|Win32.Build.0 = Release|Win32
		{5160A1A9-8278-311D-BC4C-274A46F62D16}.Release|x64.ActiveCfg = Release|x64
		{5160A1A9-8278-311D-BC4C-274A46F62D16}.Release|x86.ActiveCfg = Release|Win32
		{5160A1A9-8278-311D-BC4C-274A46F62D16}.Release|x86.Build.0 = Release|Win32
		{5160A1A9-8278-311D-BC4C-274A46F62D16}.RelWithDebInfo|Win32.ActiveCfg = RelWithDebInfo|Win32
		{5160A1A9-8278-311D-BC4C-274A46F62D16}.RelWithDebInfo|Win32.Build.0 = RelWithDebInfo|Win32
		{5160A1A9-8278-311D-BC4C-274A46F62D16}.RelWithDebInfo|x64.ActiveCfg = RelWithDebInfo|x64
		{5160A1A9-8278-311D-BC4C-274A46F62D16}.RelWithDebInfo|x86.ActiveCfg = RelWithDebInfo|Win32
		{5160A1A9-8278-311D-BC4C-274A46F62D16}.RelWithDebInfo|x86.Build.0 = RelWithDebInfo|Win32
		{D656CA2E-3DA0-365A-87CD-96C37D33AD4C}.Debug|Win32.ActiveCfg = Debug|Win32
		{D656CA2E-3DA0-365A-87CD-96C37D33AD4C}.Debug|Win32.Build.0 = Debug|Win32
		{D656CA2E-3DA0-365A-87CD-96C37D33AD4C}.Debug|x64.ActiveCfg = Debug|x64
		{D656CA2E-3DA0-365A-87CD-96C37D33AD4C}.Debug|x64.Build.0 = Debug|x64
		{D656CA2E-3DA0-365A-87CD-96C37D33AD4C}.Debug|x86.ActiveCfg = Debug|Win32
		{D656CA2E-3DA0-365A-87CD-96C37D33AD4C}.Debug|x86.Build.0 = Debug|Win32
		{D656CA2E-3DA0-365A-87CD-96C37D33AD4C}.MinSizeRel|Win32.ActiveCfg = MinSizeRel|Win32
		{D656CA2E-3DA0-365A-87CD-96C37D33AD4C}.MinSizeRel|Win32.Build.0 = MinSizeRel|Win32
		{D656CA2E-3DA0-365A-87CD-96C37D33AD4C}.MinSizeRel|x64.ActiveCfg = MinSizeRel|x64
		{D656CA2E-3DA0-365A-87CD-96C37D33AD4C}.MinSizeRel|x64.Build.0 = MinSizeRel|x64
		{D656CA2E-3DA0-365A-87CD-96C37D33AD4C}.MinSizeRel|x86.ActiveCfg = MinSizeRel|Win32
		{D656CA2E-3DA0-365A-87CD-96C37D33AD4C}.MinSizeRel|x86.Build.0 = MinSizeRel|Win32
		{D656CA2E-3DA0-365A-87CD-96C37D33AD4C}.Release|Win32.ActiveCfg = Release|Win32
		{D656CA2E-3DA0-365A-87CD-96C37D33AD4C}.Release|Win32.Build.0 = Release|Win32
		{D656CA2E-3DA0-365A-87CD-96C37D33AD4C}.Release|x64.ActiveCfg = Release|x64
		{D656CA2E-3DA0-365A-87CD-96C37D33AD4C}.Release|x64.Build.0 = Release|x64
		{D656CA2E-3DA0-365A-87CD-96C37D33AD4C}.Release|x86.ActiveCfg = Release|Win32
		{D656CA2E-3DA0-365A-87CD-96C37D33AD4C}.Release|x86.Build.0 = Release|Win32
		{D656CA2E-3DA0-365A-87CD-96C37D33AD4C}.RelWithDebInfo|Win32.ActiveCfg = RelWithDebInfo|Win32
		{D656CA2E-3DA0-365A-87CD-96C37D33AD4C}.RelWithDebInfo|Win32.Build.0 = RelWithDebInfo|Win32
		{D656CA2E-3DA0-365A-87CD-96C37D33AD4C}.RelWithDebInfo|x64.ActiveCfg = RelWithDebInfo|x64
		{D656CA2E-3DA0-365A-87CD-96C37D33AD4C}.RelWithDebInfo|x64.Build.0 = RelWithDebInfo|x64
		{D656CA2E-3DA0-365A-87CD-96C37D33AD4C}.RelWithDebInfo|x86.ActiveCfg = RelWithDebInfo|Win32
		{D656CA2E-3DA0-365A-87CD-96C37D33AD4C}.RelWithDebInfo|x86.Build.0 = RelWithDebInfo|Win32
		{6B10D0B4-4875-31D8-8067-3985FA558ABB}.Debug|Win32.ActiveCfg = Debug|Win32
		{6B10D0B4-4875-31D8-8067-3985FA558ABB}.Debug|Win32.Build.0 = Debug|Win32
		{6B10D0B4-4875-31D8-8067-3985FA558ABB}.Debug|x64.ActiveCfg = Debug|x64
		{6B10D0B4-4875-31D8-8067-3985FA558ABB}.Debug|x64.Build.0 = Debug|x64
		{6B10D0B4-4875-31D8-8067-3985FA558ABB}.Debug|x86.ActiveCfg = Debug|Win32
		{6B10D0B4-4875-31D8-8067-3985FA558ABB}.Debug|x86.Build.0 = Debug|Win32
		{6B10D0B4-4875-31D8-8067-3985FA558ABB}.MinSizeRel|Win32.ActiveCfg = MinSizeRel|Win32
		{6B10D0B4-4875-31D8-8067-3985FA558ABB}.MinSizeRel|Win32.Build.0 = MinSizeRel|Win32
		{6B10D0B4-4875-31D8-8067-3985FA558ABB}.MinSizeRel|x64.ActiveCfg = MinSizeRel|x64
		{6B10D0B4-4875-31D8-8067-3985FA558ABB}.MinSizeRel|x64.Build.0 = MinSizeRel|x64
		{6B10D0B4-4875-31D8-8067-3985FA558ABB}.MinSizeRel|x86.ActiveCfg = MinSizeRel|Win32
		{6B10D0B4-4875-31D8-8067-3985FA558ABB}.MinSizeRel|x86.Build.0 = MinSizeRel|Win32
		{6B10D0B4-4875-31D8-8067-3985FA558ABB}.Release|Win32.ActiveCfg = Release|Win32
		{6B10D0B4-4875-31D8-8067-3985FA558ABB}.Release|Win32.Build.0 = Release|Win32
		{6B10D0B4-4875-31D8-8067-3985FA558ABB}.Release|x64.ActiveCfg = Release|x64
		{6B10D0B4-4875-31D8-8067-3985FA558ABB}.Release|x64.Build.0 = Release|x64
		{6B10D0B4-4875-31D8-8067-3985FA558ABB}.Release|x86.ActiveCfg = Release|Win32
		{6B10D0B4-4875-31D8-8067-3985FA558ABB}.Release|x86.Build.0 = Release|Win32
		{6B10D0B4-4875-31D8-8067-3985FA558ABB}.RelWithDebInfo|Win32.ActiveCfg = RelWithDebInfo|Win32
		{6B10D0B4-4875-31D8-8067-3985FA558ABB}.RelWithDebInfo|Win32.Build.0 = RelWithDebInfo|Win32
		{6B10D0B4-4875-31D8-8067-3985FA558ABB}.RelWithDebInfo|x64.ActiveCfg = RelWithDebInfo|x64
		{6B10D0B4-4875-31D8-8067-3985FA558ABB}.RelWithDebInfo|x64.Build.0 = RelWithDebInfo|x64
		{6B10D0B4-4875-31D8-8067-3985FA558ABB}.RelWithDebInfo|x86.ActiveCfg = RelWithDebInfo|Win32
		{6B10D0B4-4875-31D8-8067-3985FA558ABB}.RelWithDebInfo|x86.Build.0 = RelWithDebInfo|Win32
		{4B1DE99D-5A0F-3EB9-BA0E-640B3D872A27}.Debug|Win32.ActiveCfg = Debug|Win32
		{4B1DE99D-5A0F-3EB9-BA0E-640B3D872A27}.Debug|Win32.Build.0 = Debug|Win32
		{4B1DE99D-5A0F-3EB9-BA0E-640B3D872A27}.Debug|x64.ActiveCfg = Debug|x64
		{4B1DE99D-5A0F-3EB9-BA0E-640B3D872A27}.Debug|x64.Build.0 = Debug|x64
		{4B1DE99D-5A0F-3EB9-BA0E-640B3D872A27}.Debug|x86.ActiveCfg = Debug|Win32
		{4B1DE99D-5A0F-3EB9-BA0E-640B3D872A27}.Debug|x86.Build.0 = Debug|Win32
		{4B1DE99D-5A0F-3EB9-BA0E-640B3D872A27}.MinSizeRel|Win32.ActiveCfg = MinSizeRel|Win32
		{4B1DE99D-5A0F-3EB9-BA0E-640B3D872A27}.MinSizeRel|Win32.Build.0 = MinSizeRel|Win32
		{4B1DE99D-5A0F-3EB9-BA0E-640B3D872A27}.MinSizeRel|x64.ActiveCfg = MinSizeRel|x64
		{4B1DE99D-5A0F-3EB9-BA0E-640B3D872A27}.MinSizeRel|x64.Build.0 = MinSizeRel|x64
		{4B1DE99D-5A0F-3EB9-BA0E-640B3D872A27}.MinSizeRel|x86.ActiveCfg = MinSizeRel|Win32
		{4B1DE99D-5A0F-3EB9-BA0E-640B3D872A27}.MinSizeRel|x86.Build.0 = MinSizeRel|Win32
		{4B1DE99D-5A0F-3EB9-BA0E-640B3D872A27}.Release|Win32.ActiveCfg = Release|Win32
		{4B1DE99D-5A0F-3EB9-BA0E-640B3D872A27}.Release|Win32.Build.0 = Release|Win32
		{4B1DE99D-5A0F-3EB9-BA0E-640B3D872A27}.Release|x64.ActiveCfg = Release|x64
		{4B1DE99D-5A0F-3EB9-BA0E-640B3D872A27}.Release|x64.Build.0 = Release|x64
		{4B1DE99D-5A0F-3EB9-BA0E-640B3D872A27}.Release|x86.ActiveCfg = Release|Win32
		{4B1DE99D-5A0F-3EB9-BA0E-640B3D872A27}.Release|x86.Build.0 = Release|Win32
		{4B1DE99D-5A0F-3EB9-BA0E-640B3D872A27}.RelWithDebInfo|Win32.ActiveCfg = RelWithDebInfo|Win32
		{4B1DE99D-5A0F-3EB9-BA0E-640B3D872A27}.RelWithDebInfo|Win32.Build.0 = RelWithDebInfo|Win32
		{4B1DE99D-5A0F-3EB9-BA0E-640B3D872A27}.RelWithDebInfo|x64.ActiveCfg = RelWithDebInfo|x64
		{4B1DE99D-5A0F-3EB9-BA0E-640B3D872A27}.RelWithDebInfo|x64.Build.0 = RelWithDebInfo|x64
		{4B1DE99D-5A0F-3EB9-BA0E-640B3D872A27}.RelWithDebInfo|x86.ActiveCfg = RelWithDebInfo|Win32
		{4B1DE99D-5A0F-3EB9-BA0E-640B3D872A27}.RelWithDebInfo|x86.Build.0 = RelWithDebInfo|Win32
	EndGlobalSection
	GlobalSection(SolutionProperties) = preSolution
		HideSolutionNode = FALSE
	EndGlobalSection
	GlobalSection(NestedProjects) = preSolution
		{576560C6-A0BB-3C41-AF91-C9780BC9BC30} = {86BFDCDC-2CF0-323A-BFF7-DBD840C11106}
		{09B0AEF1-6133-3882-9F7B-62E87D7FED86} = {86BFDCDC-2CF0-323A-BFF7-DBD840C11106}
		{984E55F1-F30F-30D5-A9F2-726091D55342} = {9A1DFD83-2DBC-3AD8-A5DF-E0CAD186F91C}
		{087B5FA0-FD87-3CA5-B22F-95E581843703} = {9A1DFD83-2DBC-3AD8-A5DF-E0CAD186F91C}
		{CE758AEC-C1DC-34D3-B876-4F4B7085E7CB} = {9A1DFD83-2DBC-3AD8-A5DF-E0CAD186F91C}
		{7FDC5356-51FF-37D0-AABF-DEE3045C4CE2} = {576560C6-A0BB-3C41-AF91-C9780BC9BC30}
		{883FB75E-6512-3F24-B787-5D3A3E25FA81} = {09B0AEF1-6133-3882-9F7B-62E87D7FED86}
		{C47F537B-E4CB-3BFD-8E32-E85BA274E872} = {09B0AEF1-6133-3882-9F7B-62E87D7FED86}
		{39B972EF-BD80-3BD3-B41F-7E45692DF3DA} = {09B0AEF1-6133-3882-9F7B-62E87D7FED86}
		{2475B8A0-17E9-34B7-8A0E-9566AB1DA60E} = {09B0AEF1-6133-3882-9F7B-62E87D7FED86}
		{B4223C30-BD6D-3406-B1AF-84557D10E648} = {09B0AEF1-6133-3882-9F7B-62E87D7FED86}
		{BBF7753D-32AF-37A0-9A8F-42214FF60CA8} = {576560C6-A0BB-3C41-AF91-C9780BC9BC30}
		{2AA4EEB3-0280-3A68-A73D-12E25EFBAFB0} = {86BFDCDC-2CF0-323A-BFF7-DBD840C11106}
		{B299AB24-6CDD-3129-8664-AF5E82A60CED} = {09B0AEF1-6133-3882-9F7B-62E87D7FED86}
		{25707FC7-D219-35E6-8BB2-F7ED3B394FAA} = {576560C6-A0BB-3C41-AF91-C9780BC9BC30}
		{1FC9E14D-148C-3BD5-8274-D495AD921E9A} = {09B0AEF1-6133-3882-9F7B-62E87D7FED86}
		{0135E2D4-1F0D-3818-95CB-F0EF0D106296} = {09B0AEF1-6133-3882-9F7B-62E87D7FED86}
		{FE4FE283-E54C-3FF8-A3F9-51FD9C3A0111} = {09B0AEF1-6133-3882-9F7B-62E87D7FED86}
		{5BCBC558-F9A6-3E1B-A3D2-70E3319E3615} = {09B0AEF1-6133-3882-9F7B-62E87D7FED86}
		{F31D0B60-93A1-3C47-A5B0-4A765E143D3C} = {09B0AEF1-6133-3882-9F7B-62E87D7FED86}
		{EA24AAC7-BFDD-3ED8-AE5F-52EA84684B4C} = {09B0AEF1-6133-3882-9F7B-62E87D7FED86}
		{CAA8195A-1214-3DA5-AEC5-EE8112D860E2} = {576560C6-A0BB-3C41-AF91-C9780BC9BC30}
		{4B3C849B-5FB5-3786-AF6F-86CC08D3E37A} = {09B0AEF1-6133-3882-9F7B-62E87D7FED86}
		{6941FCD3-F2B7-3FC2-B3AD-273ECAA9B0B2} = {576560C6-A0BB-3C41-AF91-C9780BC9BC30}
		{F68D7F81-B744-37E1-A68B-32CA214AC989} = {09B0AEF1-6133-3882-9F7B-62E87D7FED86}
		{CA3FC764-A9E1-3634-AB46-46879D117B19} = {576560C6-A0BB-3C41-AF91-C9780BC9BC30}
		{6EF1D6EE-6508-3ACD-9873-867FB21B9B8B} = {576560C6-A0BB-3C41-AF91-C9780BC9BC30}
		{15812E64-8F4E-3437-8577-39F9D244FECB} = {576560C6-A0BB-3C41-AF91-C9780BC9BC30}
		{3B8AE778-5ACB-3C9F-9CAE-ED4A1E41B24D} = {09B0AEF1-6133-3882-9F7B-62E87D7FED86}
		{C042AE73-9A82-3237-9252-0D32E0CFB543} = {09B0AEF1-6133-3882-9F7B-62E87D7FED86}
		{DBBD1B7D-C812-3344-87D6-9F25072F21D6} = {09B0AEF1-6133-3882-9F7B-62E87D7FED86}
		{E1DAC617-CA80-3EB4-8E88-AA54C22FBA7E} = {09B0AEF1-6133-3882-9F7B-62E87D7FED86}
		{5160A1A9-8278-311D-BC4C-274A46F62D16} = {86BFDCDC-2CF0-323A-BFF7-DBD840C11106}
		{D656CA2E-3DA0-365A-87CD-96C37D33AD4C} = {09B0AEF1-6133-3882-9F7B-62E87D7FED86}
		{6B10D0B4-4875-31D8-8067-3985FA558ABB} = {576560C6-A0BB-3C41-AF91-C9780BC9BC30}
		{4B1DE99D-5A0F-3EB9-BA0E-640B3D872A27} = {09B0AEF1-6133-3882-9F7B-62E87D7FED86}
	EndGlobalSection
	GlobalSection(ExtensibilityGlobals) = postSolution
		SolutionGuid = {3A8ACF23-D50E-359C-86CA-0C4283E53806}
	EndGlobalSection
EndGlobal
